
Microsoft Visual Studio Solution File, Format Version 12.00
Project("{FAE04EC0-301F-11D3-BF4B-00C04F79EFBC}") = "Scratch", "Scratch\Scratch.csproj", "{2C7281DB-6FE3-4994-87E4-7412392B81D1}"
EndProject
Project("{2150E333-8FDC-42A3-9474-1A3956D46DE8}") = "C01 - Statements", "C01 - Statements", "{C61C7961-462A-4ADC-9954-5EB0F03173C8}"
	ProjectSection(SolutionItems) = preProject
		C01.md = C01.md
	EndProjectSection
EndProject
Project("{FAE04EC0-301F-11D3-BF4B-00C04F79EFBC}") = "C01_D02_HelloWorld_Classic", "C01_D02_HelloWorld_Classic\C01_D02_HelloWorld_Classic.csproj", "{83D5B0F2-5528-4336-BA32-D627F96D68E4}"
EndProject
Project("{2150E333-8FDC-42A3-9474-1A3956D46DE8}") = "C02 - Variables and Literals", "C02 - Variables and Literals", "{7FA2A9B0-3C66-43A5-9FCE-12E3F343AF94}"
	ProjectSection(SolutionItems) = preProject
		C02.md = C02.md
	EndProjectSection
EndProject
Project("{FAE04EC0-301F-11D3-BF4B-00C04F79EFBC}") = "C02_D01_Literal_And_Variables", "C02_D01_Literal_And_Variables\C02_D01_Literal_And_Variables.csproj", "{D2491531-B880-4422-908A-10EE45FA2838}"
EndProject
Project("{FAE04EC0-301F-11D3-BF4B-00C04F79EFBC}") = "C02_D02_Multiple_Variables", "C02_D02_Multiple_Variables\C02_D02_Multiple_Variables.csproj", "{48543AFB-D2E3-4413-BBA0-CCE8AD64FC54}"
EndProject
Project("{FAE04EC0-301F-11D3-BF4B-00C04F79EFBC}") = "C02_D03_Ask_For_Name", "C02_D03_Ask_For_Name\C02_D03_Ask_For_Name.csproj", "{D120F6B9-0C16-4BD1-9EBB-75ACC099716D}"
EndProject
Project("{FAE04EC0-301F-11D3-BF4B-00C04F79EFBC}") = "C01_D01_HelloWorld_Modern", "C01_D01_HelloWorld_Modern\C01_D01_HelloWorld_Modern.csproj", "{345C534F-2EB4-4DAA-BC73-A60FA092095D}"
EndProject
Project("{FAE04EC0-301F-11D3-BF4B-00C04F79EFBC}") = "C02_L01S_Ask_For_Name_And_Greeting", "C02_L01S_Ask_For_Name_And_Greeting\C02_L01S_Ask_For_Name_And_Greeting.csproj", "{EE3CBD93-31B8-4014-AB70-8E83766D14D8}"
EndProject
Project("{FAE04EC0-301F-11D3-BF4B-00C04F79EFBC}") = "C02_L01P_Ask_For_Name_And_Greeting", "C02_L01P_Ask_For_Name_And_Greeting\C02_L01P_Ask_For_Name_And_Greeting.csproj", "{1394C3B1-6C48-49CC-B48C-8BAC813AB12F}"
EndProject
Project("{2150E333-8FDC-42A3-9474-1A3956D46DE8}") = "C03 - Methods", "C03 - Methods", "{62AA46ED-C6B5-4A90-98D7-2196953250F8}"
	ProjectSection(SolutionItems) = preProject
		C03.md = C03.md
	EndProjectSection
EndProject
Project("{FAE04EC0-301F-11D3-BF4B-00C04F79EFBC}") = "C03_D01_Method_Declaring", "C03_D01_Method_Declaring\C03_D01_Method_Declaring.csproj", "{9813B7A5-A111-44C2-9440-A9077D4C71B6}"
EndProject
Project("{FAE04EC0-301F-11D3-BF4B-00C04F79EFBC}") = "C03_D02_Method_Invoking", "C03_D02_Method_Invoking\C03_D02_Method_Invoking.csproj", "{371D0D5C-13E4-4E19-92D8-32D383C48251}"
EndProject
Project("{FAE04EC0-301F-11D3-BF4B-00C04F79EFBC}") = "C03_D03_Method_Parameters_And_Scope", "C03_D03_Method_Parameters_And_Scope\C03_D03_Method_Parameters_And_Scope.csproj", "{E5D7678D-0830-4ABE-87B3-FDED74BBC3D8}"
EndProject
Project("{FAE04EC0-301F-11D3-BF4B-00C04F79EFBC}") = "C03_D04_Return_Type", "C03_D04_Return_Type\C03_D04_Return_Type.csproj", "{759F549B-8E56-495A-9683-53247590C2D2}"
EndProject
Project("{FAE04EC0-301F-11D3-BF4B-00C04F79EFBC}") = "C03_D05_Multiple_Parameters", "C03_D05_Multiple_Parameters\C03_D05_Multiple_Parameters.csproj", "{7AE40924-73C6-4EFB-BCF0-99136E6AD706}"
EndProject
Project("{FAE04EC0-301F-11D3-BF4B-00C04F79EFBC}") = "C03_L01S_CreateGreeting", "C03_L01S_CreateGreeting\C03_L01S_CreateGreeting.csproj", "{40D38179-ABD8-4E30-A3F1-F6DFCC095FB9}"
EndProject
Project("{FAE04EC0-301F-11D3-BF4B-00C04F79EFBC}") = "C03_L01P_CreateGreeting", "C03_L01P_CreateGreeting\C03_L01P_CreateGreeting.csproj", "{258553BC-6FAA-4153-92EA-9B7236092165}"
EndProject
Project("{2150E333-8FDC-42A3-9474-1A3956D46DE8}") = "C04 - Primitives", "C04 - Primitives", "{2AA98FF1-89CB-4B0E-9D5C-2B4D744F517E}"
	ProjectSection(SolutionItems) = preProject
		C04.md = C04.md
	EndProjectSection
EndProject
Project("{FAE04EC0-301F-11D3-BF4B-00C04F79EFBC}") = "C04_D01_String", "C04_D01_String\C04_D01_String.csproj", "{36518933-8718-4141-8246-AFD8BA7D3945}"
EndProject
Project("{FAE04EC0-301F-11D3-BF4B-00C04F79EFBC}") = "C04_D02_Numbers", "C04_D02_Numbers\C04_D02_Numbers.csproj", "{A44A7B4F-4346-4079-B288-A48602DD4B12}"
EndProject
Project("{FAE04EC0-301F-11D3-BF4B-00C04F79EFBC}") = "C04_D03_Math", "C04_D03_Math\C04_D03_Math.csproj", "{F49023FD-2036-4DB9-9AD5-41B1D8CA7456}"
EndProject
Project("{FAE04EC0-301F-11D3-BF4B-00C04F79EFBC}") = "C04_D04_Booleans_And_Comparison", "C04_D04_Booleans_And_Comparison\C04_D04_Booleans_And_Comparison.csproj", "{9C22AC74-D496-4D0E-9911-B26BAEDD69B0}"
EndProject
Project("{2150E333-8FDC-42A3-9474-1A3956D46DE8}") = "C05 - Branching", "C05 - Branching", "{3EC7D5C4-0218-4A84-AD96-E1053140A633}"
	ProjectSection(SolutionItems) = preProject
		C05.md = C05.md
	EndProjectSection
EndProject
Project("{FAE04EC0-301F-11D3-BF4B-00C04F79EFBC}") = "C05_D01_If", "C05_D01_If\C05_D01_If.csproj", "{7F3E220B-82BF-4708-99DE-80C52148F865}"
EndProject
Project("{FAE04EC0-301F-11D3-BF4B-00C04F79EFBC}") = "C05_D02_If_Else", "C05_D02_If_Else\C05_D02_If_Else.csproj", "{810D89C5-64C0-4F84-BA4D-673D0DF17E27}"
EndProject
Project("{FAE04EC0-301F-11D3-BF4B-00C04F79EFBC}") = "C05_D03_If_Else_Else", "C05_D03_If_Else_Else\C05_D03_If_Else_Else.csproj", "{83C1C05A-F41B-4330-8EFB-7726E9CA0E7E}"
EndProject
Project("{FAE04EC0-301F-11D3-BF4B-00C04F79EFBC}") = "C05_D04_If_Recursion", "C05_D04_If_Recursion\C05_D04_If_Recursion.csproj", "{CD70EB35-FC35-4942-B3F9-67E03412BCCC}"
EndProject
Project("{FAE04EC0-301F-11D3-BF4B-00C04F79EFBC}") = "C05_D05_Avoid_StackOverflow", "C05_D05_Avoid_StackOverflow\C05_D05_Avoid_StackOverflow.csproj", "{DBAFF968-DDC5-4223-ABDF-199D7DF9B8B5}"
EndProject
Project("{FAE04EC0-301F-11D3-BF4B-00C04F79EFBC}") = "C05_D06_Fix_StackOverflow", "C05_D06_Fix_StackOverflow\C05_D06_Fix_StackOverflow.csproj", "{611F7026-5D21-4685-AB2F-4D6AC261E84E}"
EndProject
Project("{FAE04EC0-301F-11D3-BF4B-00C04F79EFBC}") = "C05_D07_While", "C05_D07_While\C05_D07_While.csproj", "{4663032E-667E-4D60-A215-D2D45972964B}"
EndProject
Project("{FAE04EC0-301F-11D3-BF4B-00C04F79EFBC}") = "C05_D08_Do_While", "C05_D08_Do_While\C05_D08_Do_While.csproj", "{7910657D-3C02-4691-8879-F8A18F06E084}"
EndProject
Project("{2150E333-8FDC-42A3-9474-1A3956D46DE8}") = "C06 - Iterating", "C06 - Iterating", "{57EE43B0-B075-4B76-85CB-EE41120F509E}"
	ProjectSection(SolutionItems) = preProject
		C06.md = C06.md
	EndProjectSection
EndProject
Project("{FAE04EC0-301F-11D3-BF4B-00C04F79EFBC}") = "C06_D01_For_Keyword", "C06_D01_For_Keyword\C06_D01_For_Keyword.csproj", "{1DBD99E9-E7EA-4287-95DF-C230D37A97CC}"
EndProject
Project("{FAE04EC0-301F-11D3-BF4B-00C04F79EFBC}") = "C05_L01S_GuessRandomNumber_P2", "C05_L01S_GuessRandomNumber_P2\C05_L01S_GuessRandomNumber_P2.csproj", "{52D4A8A2-52DC-4127-8851-A63B3601A42A}"
EndProject
Project("{FAE04EC0-301F-11D3-BF4B-00C04F79EFBC}") = "C05_L01S_GuessRandomNumber_P3", "C05_L01S_GuessRandomNumber_P3\C05_L01S_GuessRandomNumber_P3.csproj", "{083B763B-D8A1-42EC-A9B0-95085B66BB48}"
EndProject
Project("{FAE04EC0-301F-11D3-BF4B-00C04F79EFBC}") = "C05_L01S_GuessRandomNumber_P4", "C05_L01S_GuessRandomNumber_P4\C05_L01S_GuessRandomNumber_P4.csproj", "{F08F52C5-8F07-476C-9780-F49371F70215}"
EndProject
Project("{FAE04EC0-301F-11D3-BF4B-00C04F79EFBC}") = "C05_L01S_GuessRandomNumber_P1", "C05_L01S_GuessRandomNumber_P1\C05_L01S_GuessRandomNumber_P1.csproj", "{54B6183B-63C6-4962-9833-FF551B6A42BC}"
EndProject
Project("{FAE04EC0-301F-11D3-BF4B-00C04F79EFBC}") = "C05_L01P_GuessRandomNumber", "C05_L01P_GuessRandomNumber\C05_L01P_GuessRandomNumber.csproj", "{2EAC3191-0279-4E79-8217-42F8B22C9105}"
EndProject
Project("{FAE04EC0-301F-11D3-BF4B-00C04F79EFBC}") = "C05_L02S_HigherLower_P4", "C05_L02S_HigherLower_P4\C05_L02S_HigherLower_P4.csproj", "{DA6CF860-FDE7-4CB3-BE59-F4F95DE9A145}"
EndProject
Project("{FAE04EC0-301F-11D3-BF4B-00C04F79EFBC}") = "C05_L02P_HigherLower", "C05_L02P_HigherLower\C05_L02P_HigherLower.csproj", "{8D627065-2C27-4940-84AF-D18F818DD205}"
EndProject
Project("{FAE04EC0-301F-11D3-BF4B-00C04F79EFBC}") = "C05_L02S_HigherLower_P3", "C05_L02S_HigherLower_P3\C05_L02S_HigherLower_P3.csproj", "{515AAB84-7839-4689-ABDC-9DF1522A1FA3}"
EndProject
Project("{FAE04EC0-301F-11D3-BF4B-00C04F79EFBC}") = "C05_L02S_HigherLower_P2", "C05_L02S_HigherLower_P2\C05_L02S_HigherLower_P2.csproj", "{6FF9F7CF-B909-4893-8238-2FD6AD72B5A7}"
EndProject
Project("{FAE04EC0-301F-11D3-BF4B-00C04F79EFBC}") = "C05_L02S_HigherLower_P1", "C05_L02S_HigherLower_P1\C05_L02S_HigherLower_P1.csproj", "{5FC450F1-7226-4DF2-A964-A0C1DCFB71AC}"
EndProject
Project("{FAE04EC0-301F-11D3-BF4B-00C04F79EFBC}") = "C06_L01S_Count_Down_P1", "C06_L01S_Count_Down_P1\C06_L01S_Count_Down_P1.csproj", "{0B71DE91-7DB5-483E-9A63-3BB3F970C63C}"
EndProject
Project("{FAE04EC0-301F-11D3-BF4B-00C04F79EFBC}") = "C06_L01S_Count_Down_P2", "C06_L01S_Count_Down_P2\C06_L01S_Count_Down_P2.csproj", "{1AA68AB4-1E8B-40EC-8D85-7D2FCF04B911}"
EndProject
Project("{FAE04EC0-301F-11D3-BF4B-00C04F79EFBC}") = "C06_L01P_Count_Down", "C06_L01P_Count_Down\C06_L01P_Count_Down.csproj", "{2D808ADC-6A6F-4F4A-AAB8-A3C79EF6947C}"
EndProject
Project("{FAE04EC0-301F-11D3-BF4B-00C04F79EFBC}") = "C06_D02_Break_Keyword", "C06_D02_Break_Keyword\C06_D02_Break_Keyword.csproj", "{14D8D5AE-2A12-4068-9807-50F135E27F99}"
EndProject
Project("{FAE04EC0-301F-11D3-BF4B-00C04F79EFBC}") = "C06_D03_Continue_Keyword", "C06_D03_Continue_Keyword\C06_D03_Continue_Keyword.csproj", "{F0270219-5D1D-41EC-B781-245D9844F4D3}"
EndProject
Project("{2150E333-8FDC-42A3-9474-1A3956D46DE8}") = "C07 - Collection", "C07 - Collection", "{6CC9999D-C224-4DFE-8FD3-4F139B85C659}"
	ProjectSection(SolutionItems) = preProject
		C07.md = C07.md
	EndProjectSection
EndProject
Project("{FAE04EC0-301F-11D3-BF4B-00C04F79EFBC}") = "C07_D01_Array", "C07_D01_Array\C07_D01_Array.csproj", "{1EE0B8CA-D9EC-419B-8FBB-49A8F2590271}"
EndProject
Project("{FAE04EC0-301F-11D3-BF4B-00C04F79EFBC}") = "C07_D02_Foreach_Keyword", "C07_D02_Foreach_Keyword\C07_D02_Foreach_Keyword.csproj", "{DF6FA05E-101C-4785-875E-8B8C5BC78A6A}"
EndProject
Project("{FAE04EC0-301F-11D3-BF4B-00C04F79EFBC}") = "C07_D03_List", "C07_D03_List\C07_D03_List.csproj", "{1A7DF6B8-96EC-4C99-9F44-5902EFD0F6E5}"
EndProject
Project("{FAE04EC0-301F-11D3-BF4B-00C04F79EFBC}") = "C04_L01S_SharingApples", "C04_L01S_SharingApples\C04_L01S_SharingApples.csproj", "{9CB79FC4-2900-4DFA-BCD3-0C40CED9FE5A}"
EndProject
Project("{FAE04EC0-301F-11D3-BF4B-00C04F79EFBC}") = "C04_L01P_SharingApples", "C04_L01P_SharingApples\C04_L01P_SharingApples.csproj", "{3F357875-FDE7-4253-B072-DE5B1A418D7B}"
EndProject
Project("{FAE04EC0-301F-11D3-BF4B-00C04F79EFBC}") = "C04_D05_Numbers_To_String", "C04_D05_Numbers_To_String\C04_D05_Numbers_To_String.csproj", "{EC68134D-5099-4DAC-AC35-CACC2DEBE73C}"
EndProject
Project("{FAE04EC0-301F-11D3-BF4B-00C04F79EFBC}") = "C04_D06_String_To_Numbers", "C04_D06_String_To_Numbers\C04_D06_String_To_Numbers.csproj", "{E833164C-BE6B-4786-A4D1-FDA5A3751B45}"
EndProject
Global
	GlobalSection(SolutionConfigurationPlatforms) = preSolution
		Debug|Any CPU = Debug|Any CPU
		Release|Any CPU = Release|Any CPU
	EndGlobalSection
	GlobalSection(ProjectConfigurationPlatforms) = postSolution
		{2C7281DB-6FE3-4994-87E4-7412392B81D1}.Debug|Any CPU.ActiveCfg = Debug|Any CPU
		{2C7281DB-6FE3-4994-87E4-7412392B81D1}.Debug|Any CPU.Build.0 = Debug|Any CPU
		{2C7281DB-6FE3-4994-87E4-7412392B81D1}.Release|Any CPU.ActiveCfg = Release|Any CPU
		{2C7281DB-6FE3-4994-87E4-7412392B81D1}.Release|Any CPU.Build.0 = Release|Any CPU
		{83D5B0F2-5528-4336-BA32-D627F96D68E4}.Debug|Any CPU.ActiveCfg = Debug|Any CPU
		{83D5B0F2-5528-4336-BA32-D627F96D68E4}.Debug|Any CPU.Build.0 = Debug|Any CPU
		{83D5B0F2-5528-4336-BA32-D627F96D68E4}.Release|Any CPU.ActiveCfg = Release|Any CPU
		{83D5B0F2-5528-4336-BA32-D627F96D68E4}.Release|Any CPU.Build.0 = Release|Any CPU
		{D2491531-B880-4422-908A-10EE45FA2838}.Debug|Any CPU.ActiveCfg = Debug|Any CPU
		{D2491531-B880-4422-908A-10EE45FA2838}.Debug|Any CPU.Build.0 = Debug|Any CPU
		{D2491531-B880-4422-908A-10EE45FA2838}.Release|Any CPU.ActiveCfg = Release|Any CPU
		{D2491531-B880-4422-908A-10EE45FA2838}.Release|Any CPU.Build.0 = Release|Any CPU
		{48543AFB-D2E3-4413-BBA0-CCE8AD64FC54}.Debug|Any CPU.ActiveCfg = Debug|Any CPU
		{48543AFB-D2E3-4413-BBA0-CCE8AD64FC54}.Debug|Any CPU.Build.0 = Debug|Any CPU
		{48543AFB-D2E3-4413-BBA0-CCE8AD64FC54}.Release|Any CPU.ActiveCfg = Release|Any CPU
		{48543AFB-D2E3-4413-BBA0-CCE8AD64FC54}.Release|Any CPU.Build.0 = Release|Any CPU
		{D120F6B9-0C16-4BD1-9EBB-75ACC099716D}.Debug|Any CPU.ActiveCfg = Debug|Any CPU
		{D120F6B9-0C16-4BD1-9EBB-75ACC099716D}.Debug|Any CPU.Build.0 = Debug|Any CPU
		{D120F6B9-0C16-4BD1-9EBB-75ACC099716D}.Release|Any CPU.ActiveCfg = Release|Any CPU
		{D120F6B9-0C16-4BD1-9EBB-75ACC099716D}.Release|Any CPU.Build.0 = Release|Any CPU
		{345C534F-2EB4-4DAA-BC73-A60FA092095D}.Debug|Any CPU.ActiveCfg = Debug|Any CPU
		{345C534F-2EB4-4DAA-BC73-A60FA092095D}.Debug|Any CPU.Build.0 = Debug|Any CPU
		{345C534F-2EB4-4DAA-BC73-A60FA092095D}.Release|Any CPU.ActiveCfg = Release|Any CPU
		{345C534F-2EB4-4DAA-BC73-A60FA092095D}.Release|Any CPU.Build.0 = Release|Any CPU
		{EE3CBD93-31B8-4014-AB70-8E83766D14D8}.Debug|Any CPU.ActiveCfg = Debug|Any CPU
		{EE3CBD93-31B8-4014-AB70-8E83766D14D8}.Debug|Any CPU.Build.0 = Debug|Any CPU
		{EE3CBD93-31B8-4014-AB70-8E83766D14D8}.Release|Any CPU.ActiveCfg = Release|Any CPU
		{EE3CBD93-31B8-4014-AB70-8E83766D14D8}.Release|Any CPU.Build.0 = Release|Any CPU
		{1394C3B1-6C48-49CC-B48C-8BAC813AB12F}.Debug|Any CPU.ActiveCfg = Debug|Any CPU
		{1394C3B1-6C48-49CC-B48C-8BAC813AB12F}.Debug|Any CPU.Build.0 = Debug|Any CPU
		{1394C3B1-6C48-49CC-B48C-8BAC813AB12F}.Release|Any CPU.ActiveCfg = Release|Any CPU
		{1394C3B1-6C48-49CC-B48C-8BAC813AB12F}.Release|Any CPU.Build.0 = Release|Any CPU
		{9813B7A5-A111-44C2-9440-A9077D4C71B6}.Debug|Any CPU.ActiveCfg = Debug|Any CPU
		{9813B7A5-A111-44C2-9440-A9077D4C71B6}.Debug|Any CPU.Build.0 = Debug|Any CPU
		{9813B7A5-A111-44C2-9440-A9077D4C71B6}.Release|Any CPU.ActiveCfg = Release|Any CPU
		{9813B7A5-A111-44C2-9440-A9077D4C71B6}.Release|Any CPU.Build.0 = Release|Any CPU
		{371D0D5C-13E4-4E19-92D8-32D383C48251}.Debug|Any CPU.ActiveCfg = Debug|Any CPU
		{371D0D5C-13E4-4E19-92D8-32D383C48251}.Debug|Any CPU.Build.0 = Debug|Any CPU
		{371D0D5C-13E4-4E19-92D8-32D383C48251}.Release|Any CPU.ActiveCfg = Release|Any CPU
		{371D0D5C-13E4-4E19-92D8-32D383C48251}.Release|Any CPU.Build.0 = Release|Any CPU
		{E5D7678D-0830-4ABE-87B3-FDED74BBC3D8}.Debug|Any CPU.ActiveCfg = Debug|Any CPU
		{E5D7678D-0830-4ABE-87B3-FDED74BBC3D8}.Debug|Any CPU.Build.0 = Debug|Any CPU
		{E5D7678D-0830-4ABE-87B3-FDED74BBC3D8}.Release|Any CPU.ActiveCfg = Release|Any CPU
		{E5D7678D-0830-4ABE-87B3-FDED74BBC3D8}.Release|Any CPU.Build.0 = Release|Any CPU
		{759F549B-8E56-495A-9683-53247590C2D2}.Debug|Any CPU.ActiveCfg = Debug|Any CPU
		{759F549B-8E56-495A-9683-53247590C2D2}.Debug|Any CPU.Build.0 = Debug|Any CPU
		{759F549B-8E56-495A-9683-53247590C2D2}.Release|Any CPU.ActiveCfg = Release|Any CPU
		{759F549B-8E56-495A-9683-53247590C2D2}.Release|Any CPU.Build.0 = Release|Any CPU
		{7AE40924-73C6-4EFB-BCF0-99136E6AD706}.Debug|Any CPU.ActiveCfg = Debug|Any CPU
		{7AE40924-73C6-4EFB-BCF0-99136E6AD706}.Debug|Any CPU.Build.0 = Debug|Any CPU
		{7AE40924-73C6-4EFB-BCF0-99136E6AD706}.Release|Any CPU.ActiveCfg = Release|Any CPU
		{7AE40924-73C6-4EFB-BCF0-99136E6AD706}.Release|Any CPU.Build.0 = Release|Any CPU
		{40D38179-ABD8-4E30-A3F1-F6DFCC095FB9}.Debug|Any CPU.ActiveCfg = Debug|Any CPU
		{40D38179-ABD8-4E30-A3F1-F6DFCC095FB9}.Debug|Any CPU.Build.0 = Debug|Any CPU
		{40D38179-ABD8-4E30-A3F1-F6DFCC095FB9}.Release|Any CPU.ActiveCfg = Release|Any CPU
		{40D38179-ABD8-4E30-A3F1-F6DFCC095FB9}.Release|Any CPU.Build.0 = Release|Any CPU
		{258553BC-6FAA-4153-92EA-9B7236092165}.Debug|Any CPU.ActiveCfg = Debug|Any CPU
		{258553BC-6FAA-4153-92EA-9B7236092165}.Debug|Any CPU.Build.0 = Debug|Any CPU
		{258553BC-6FAA-4153-92EA-9B7236092165}.Release|Any CPU.ActiveCfg = Release|Any CPU
		{258553BC-6FAA-4153-92EA-9B7236092165}.Release|Any CPU.Build.0 = Release|Any CPU
		{36518933-8718-4141-8246-AFD8BA7D3945}.Debug|Any CPU.ActiveCfg = Debug|Any CPU
		{36518933-8718-4141-8246-AFD8BA7D3945}.Debug|Any CPU.Build.0 = Debug|Any CPU
		{36518933-8718-4141-8246-AFD8BA7D3945}.Release|Any CPU.ActiveCfg = Release|Any CPU
		{36518933-8718-4141-8246-AFD8BA7D3945}.Release|Any CPU.Build.0 = Release|Any CPU
		{A44A7B4F-4346-4079-B288-A48602DD4B12}.Debug|Any CPU.ActiveCfg = Debug|Any CPU
		{A44A7B4F-4346-4079-B288-A48602DD4B12}.Debug|Any CPU.Build.0 = Debug|Any CPU
		{A44A7B4F-4346-4079-B288-A48602DD4B12}.Release|Any CPU.ActiveCfg = Release|Any CPU
		{A44A7B4F-4346-4079-B288-A48602DD4B12}.Release|Any CPU.Build.0 = Release|Any CPU
		{F49023FD-2036-4DB9-9AD5-41B1D8CA7456}.Debug|Any CPU.ActiveCfg = Debug|Any CPU
		{F49023FD-2036-4DB9-9AD5-41B1D8CA7456}.Debug|Any CPU.Build.0 = Debug|Any CPU
		{F49023FD-2036-4DB9-9AD5-41B1D8CA7456}.Release|Any CPU.ActiveCfg = Release|Any CPU
		{F49023FD-2036-4DB9-9AD5-41B1D8CA7456}.Release|Any CPU.Build.0 = Release|Any CPU
		{9C22AC74-D496-4D0E-9911-B26BAEDD69B0}.Debug|Any CPU.ActiveCfg = Debug|Any CPU
		{9C22AC74-D496-4D0E-9911-B26BAEDD69B0}.Debug|Any CPU.Build.0 = Debug|Any CPU
		{9C22AC74-D496-4D0E-9911-B26BAEDD69B0}.Release|Any CPU.ActiveCfg = Release|Any CPU
		{9C22AC74-D496-4D0E-9911-B26BAEDD69B0}.Release|Any CPU.Build.0 = Release|Any CPU
		{7F3E220B-82BF-4708-99DE-80C52148F865}.Debug|Any CPU.ActiveCfg = Debug|Any CPU
		{7F3E220B-82BF-4708-99DE-80C52148F865}.Debug|Any CPU.Build.0 = Debug|Any CPU
		{7F3E220B-82BF-4708-99DE-80C52148F865}.Release|Any CPU.ActiveCfg = Release|Any CPU
		{7F3E220B-82BF-4708-99DE-80C52148F865}.Release|Any CPU.Build.0 = Release|Any CPU
		{810D89C5-64C0-4F84-BA4D-673D0DF17E27}.Debug|Any CPU.ActiveCfg = Debug|Any CPU
		{810D89C5-64C0-4F84-BA4D-673D0DF17E27}.Debug|Any CPU.Build.0 = Debug|Any CPU
		{810D89C5-64C0-4F84-BA4D-673D0DF17E27}.Release|Any CPU.ActiveCfg = Release|Any CPU
		{810D89C5-64C0-4F84-BA4D-673D0DF17E27}.Release|Any CPU.Build.0 = Release|Any CPU
		{83C1C05A-F41B-4330-8EFB-7726E9CA0E7E}.Debug|Any CPU.ActiveCfg = Debug|Any CPU
		{83C1C05A-F41B-4330-8EFB-7726E9CA0E7E}.Debug|Any CPU.Build.0 = Debug|Any CPU
		{83C1C05A-F41B-4330-8EFB-7726E9CA0E7E}.Release|Any CPU.ActiveCfg = Release|Any CPU
		{83C1C05A-F41B-4330-8EFB-7726E9CA0E7E}.Release|Any CPU.Build.0 = Release|Any CPU
		{CD70EB35-FC35-4942-B3F9-67E03412BCCC}.Debug|Any CPU.ActiveCfg = Debug|Any CPU
		{CD70EB35-FC35-4942-B3F9-67E03412BCCC}.Debug|Any CPU.Build.0 = Debug|Any CPU
		{CD70EB35-FC35-4942-B3F9-67E03412BCCC}.Release|Any CPU.ActiveCfg = Release|Any CPU
		{CD70EB35-FC35-4942-B3F9-67E03412BCCC}.Release|Any CPU.Build.0 = Release|Any CPU
		{DBAFF968-DDC5-4223-ABDF-199D7DF9B8B5}.Debug|Any CPU.ActiveCfg = Debug|Any CPU
		{DBAFF968-DDC5-4223-ABDF-199D7DF9B8B5}.Debug|Any CPU.Build.0 = Debug|Any CPU
		{DBAFF968-DDC5-4223-ABDF-199D7DF9B8B5}.Release|Any CPU.ActiveCfg = Release|Any CPU
		{DBAFF968-DDC5-4223-ABDF-199D7DF9B8B5}.Release|Any CPU.Build.0 = Release|Any CPU
		{611F7026-5D21-4685-AB2F-4D6AC261E84E}.Debug|Any CPU.ActiveCfg = Debug|Any CPU
		{611F7026-5D21-4685-AB2F-4D6AC261E84E}.Debug|Any CPU.Build.0 = Debug|Any CPU
		{611F7026-5D21-4685-AB2F-4D6AC261E84E}.Release|Any CPU.ActiveCfg = Release|Any CPU
		{611F7026-5D21-4685-AB2F-4D6AC261E84E}.Release|Any CPU.Build.0 = Release|Any CPU
		{4663032E-667E-4D60-A215-D2D45972964B}.Debug|Any CPU.ActiveCfg = Debug|Any CPU
		{4663032E-667E-4D60-A215-D2D45972964B}.Debug|Any CPU.Build.0 = Debug|Any CPU
		{4663032E-667E-4D60-A215-D2D45972964B}.Release|Any CPU.ActiveCfg = Release|Any CPU
		{4663032E-667E-4D60-A215-D2D45972964B}.Release|Any CPU.Build.0 = Release|Any CPU
		{7910657D-3C02-4691-8879-F8A18F06E084}.Debug|Any CPU.ActiveCfg = Debug|Any CPU
		{7910657D-3C02-4691-8879-F8A18F06E084}.Debug|Any CPU.Build.0 = Debug|Any CPU
		{7910657D-3C02-4691-8879-F8A18F06E084}.Release|Any CPU.ActiveCfg = Release|Any CPU
		{7910657D-3C02-4691-8879-F8A18F06E084}.Release|Any CPU.Build.0 = Release|Any CPU
		{1DBD99E9-E7EA-4287-95DF-C230D37A97CC}.Debug|Any CPU.ActiveCfg = Debug|Any CPU
		{1DBD99E9-E7EA-4287-95DF-C230D37A97CC}.Debug|Any CPU.Build.0 = Debug|Any CPU
		{1DBD99E9-E7EA-4287-95DF-C230D37A97CC}.Release|Any CPU.ActiveCfg = Release|Any CPU
		{1DBD99E9-E7EA-4287-95DF-C230D37A97CC}.Release|Any CPU.Build.0 = Release|Any CPU
		{52D4A8A2-52DC-4127-8851-A63B3601A42A}.Debug|Any CPU.ActiveCfg = Debug|Any CPU
		{52D4A8A2-52DC-4127-8851-A63B3601A42A}.Debug|Any CPU.Build.0 = Debug|Any CPU
		{52D4A8A2-52DC-4127-8851-A63B3601A42A}.Release|Any CPU.ActiveCfg = Release|Any CPU
		{52D4A8A2-52DC-4127-8851-A63B3601A42A}.Release|Any CPU.Build.0 = Release|Any CPU
		{083B763B-D8A1-42EC-A9B0-95085B66BB48}.Debug|Any CPU.ActiveCfg = Debug|Any CPU
		{083B763B-D8A1-42EC-A9B0-95085B66BB48}.Debug|Any CPU.Build.0 = Debug|Any CPU
		{083B763B-D8A1-42EC-A9B0-95085B66BB48}.Release|Any CPU.ActiveCfg = Release|Any CPU
		{083B763B-D8A1-42EC-A9B0-95085B66BB48}.Release|Any CPU.Build.0 = Release|Any CPU
		{F08F52C5-8F07-476C-9780-F49371F70215}.Debug|Any CPU.ActiveCfg = Debug|Any CPU
		{F08F52C5-8F07-476C-9780-F49371F70215}.Debug|Any CPU.Build.0 = Debug|Any CPU
		{F08F52C5-8F07-476C-9780-F49371F70215}.Release|Any CPU.ActiveCfg = Release|Any CPU
		{F08F52C5-8F07-476C-9780-F49371F70215}.Release|Any CPU.Build.0 = Release|Any CPU
		{54B6183B-63C6-4962-9833-FF551B6A42BC}.Debug|Any CPU.ActiveCfg = Debug|Any CPU
		{54B6183B-63C6-4962-9833-FF551B6A42BC}.Debug|Any CPU.Build.0 = Debug|Any CPU
		{54B6183B-63C6-4962-9833-FF551B6A42BC}.Release|Any CPU.ActiveCfg = Release|Any CPU
		{54B6183B-63C6-4962-9833-FF551B6A42BC}.Release|Any CPU.Build.0 = Release|Any CPU
		{2EAC3191-0279-4E79-8217-42F8B22C9105}.Debug|Any CPU.ActiveCfg = Debug|Any CPU
		{2EAC3191-0279-4E79-8217-42F8B22C9105}.Debug|Any CPU.Build.0 = Debug|Any CPU
		{2EAC3191-0279-4E79-8217-42F8B22C9105}.Release|Any CPU.ActiveCfg = Release|Any CPU
		{2EAC3191-0279-4E79-8217-42F8B22C9105}.Release|Any CPU.Build.0 = Release|Any CPU
		{DA6CF860-FDE7-4CB3-BE59-F4F95DE9A145}.Debug|Any CPU.ActiveCfg = Debug|Any CPU
		{DA6CF860-FDE7-4CB3-BE59-F4F95DE9A145}.Debug|Any CPU.Build.0 = Debug|Any CPU
		{DA6CF860-FDE7-4CB3-BE59-F4F95DE9A145}.Release|Any CPU.ActiveCfg = Release|Any CPU
		{DA6CF860-FDE7-4CB3-BE59-F4F95DE9A145}.Release|Any CPU.Build.0 = Release|Any CPU
		{8D627065-2C27-4940-84AF-D18F818DD205}.Debug|Any CPU.ActiveCfg = Debug|Any CPU
		{8D627065-2C27-4940-84AF-D18F818DD205}.Debug|Any CPU.Build.0 = Debug|Any CPU
		{8D627065-2C27-4940-84AF-D18F818DD205}.Release|Any CPU.ActiveCfg = Release|Any CPU
		{8D627065-2C27-4940-84AF-D18F818DD205}.Release|Any CPU.Build.0 = Release|Any CPU
		{515AAB84-7839-4689-ABDC-9DF1522A1FA3}.Debug|Any CPU.ActiveCfg = Debug|Any CPU
		{515AAB84-7839-4689-ABDC-9DF1522A1FA3}.Debug|Any CPU.Build.0 = Debug|Any CPU
		{515AAB84-7839-4689-ABDC-9DF1522A1FA3}.Release|Any CPU.ActiveCfg = Release|Any CPU
		{515AAB84-7839-4689-ABDC-9DF1522A1FA3}.Release|Any CPU.Build.0 = Release|Any CPU
		{6FF9F7CF-B909-4893-8238-2FD6AD72B5A7}.Debug|Any CPU.ActiveCfg = Debug|Any CPU
		{6FF9F7CF-B909-4893-8238-2FD6AD72B5A7}.Debug|Any CPU.Build.0 = Debug|Any CPU
		{6FF9F7CF-B909-4893-8238-2FD6AD72B5A7}.Release|Any CPU.ActiveCfg = Release|Any CPU
		{6FF9F7CF-B909-4893-8238-2FD6AD72B5A7}.Release|Any CPU.Build.0 = Release|Any CPU
		{5FC450F1-7226-4DF2-A964-A0C1DCFB71AC}.Debug|Any CPU.ActiveCfg = Debug|Any CPU
		{5FC450F1-7226-4DF2-A964-A0C1DCFB71AC}.Debug|Any CPU.Build.0 = Debug|Any CPU
		{5FC450F1-7226-4DF2-A964-A0C1DCFB71AC}.Release|Any CPU.ActiveCfg = Release|Any CPU
		{5FC450F1-7226-4DF2-A964-A0C1DCFB71AC}.Release|Any CPU.Build.0 = Release|Any CPU
		{0B71DE91-7DB5-483E-9A63-3BB3F970C63C}.Debug|Any CPU.ActiveCfg = Debug|Any CPU
		{0B71DE91-7DB5-483E-9A63-3BB3F970C63C}.Debug|Any CPU.Build.0 = Debug|Any CPU
		{0B71DE91-7DB5-483E-9A63-3BB3F970C63C}.Release|Any CPU.ActiveCfg = Release|Any CPU
		{0B71DE91-7DB5-483E-9A63-3BB3F970C63C}.Release|Any CPU.Build.0 = Release|Any CPU
		{1AA68AB4-1E8B-40EC-8D85-7D2FCF04B911}.Debug|Any CPU.ActiveCfg = Debug|Any CPU
		{1AA68AB4-1E8B-40EC-8D85-7D2FCF04B911}.Debug|Any CPU.Build.0 = Debug|Any CPU
		{1AA68AB4-1E8B-40EC-8D85-7D2FCF04B911}.Release|Any CPU.ActiveCfg = Release|Any CPU
		{1AA68AB4-1E8B-40EC-8D85-7D2FCF04B911}.Release|Any CPU.Build.0 = Release|Any CPU
		{2D808ADC-6A6F-4F4A-AAB8-A3C79EF6947C}.Debug|Any CPU.ActiveCfg = Debug|Any CPU
		{2D808ADC-6A6F-4F4A-AAB8-A3C79EF6947C}.Debug|Any CPU.Build.0 = Debug|Any CPU
		{2D808ADC-6A6F-4F4A-AAB8-A3C79EF6947C}.Release|Any CPU.ActiveCfg = Release|Any CPU
		{2D808ADC-6A6F-4F4A-AAB8-A3C79EF6947C}.Release|Any CPU.Build.0 = Release|Any CPU
		{14D8D5AE-2A12-4068-9807-50F135E27F99}.Debug|Any CPU.ActiveCfg = Debug|Any CPU
		{14D8D5AE-2A12-4068-9807-50F135E27F99}.Debug|Any CPU.Build.0 = Debug|Any CPU
		{14D8D5AE-2A12-4068-9807-50F135E27F99}.Release|Any CPU.ActiveCfg = Release|Any CPU
		{14D8D5AE-2A12-4068-9807-50F135E27F99}.Release|Any CPU.Build.0 = Release|Any CPU
		{F0270219-5D1D-41EC-B781-245D9844F4D3}.Debug|Any CPU.ActiveCfg = Debug|Any CPU
		{F0270219-5D1D-41EC-B781-245D9844F4D3}.Debug|Any CPU.Build.0 = Debug|Any CPU
		{F0270219-5D1D-41EC-B781-245D9844F4D3}.Release|Any CPU.ActiveCfg = Release|Any CPU
		{F0270219-5D1D-41EC-B781-245D9844F4D3}.Release|Any CPU.Build.0 = Release|Any CPU
		{1EE0B8CA-D9EC-419B-8FBB-49A8F2590271}.Debug|Any CPU.ActiveCfg = Debug|Any CPU
		{1EE0B8CA-D9EC-419B-8FBB-49A8F2590271}.Debug|Any CPU.Build.0 = Debug|Any CPU
		{1EE0B8CA-D9EC-419B-8FBB-49A8F2590271}.Release|Any CPU.ActiveCfg = Release|Any CPU
		{1EE0B8CA-D9EC-419B-8FBB-49A8F2590271}.Release|Any CPU.Build.0 = Release|Any CPU
		{DF6FA05E-101C-4785-875E-8B8C5BC78A6A}.Debug|Any CPU.ActiveCfg = Debug|Any CPU
		{DF6FA05E-101C-4785-875E-8B8C5BC78A6A}.Debug|Any CPU.Build.0 = Debug|Any CPU
		{DF6FA05E-101C-4785-875E-8B8C5BC78A6A}.Release|Any CPU.ActiveCfg = Release|Any CPU
		{DF6FA05E-101C-4785-875E-8B8C5BC78A6A}.Release|Any CPU.Build.0 = Release|Any CPU
		{1A7DF6B8-96EC-4C99-9F44-5902EFD0F6E5}.Debug|Any CPU.ActiveCfg = Debug|Any CPU
		{1A7DF6B8-96EC-4C99-9F44-5902EFD0F6E5}.Debug|Any CPU.Build.0 = Debug|Any CPU
		{1A7DF6B8-96EC-4C99-9F44-5902EFD0F6E5}.Release|Any CPU.ActiveCfg = Release|Any CPU
		{1A7DF6B8-96EC-4C99-9F44-5902EFD0F6E5}.Release|Any CPU.Build.0 = Release|Any CPU
		{9CB79FC4-2900-4DFA-BCD3-0C40CED9FE5A}.Debug|Any CPU.ActiveCfg = Debug|Any CPU
		{9CB79FC4-2900-4DFA-BCD3-0C40CED9FE5A}.Debug|Any CPU.Build.0 = Debug|Any CPU
		{9CB79FC4-2900-4DFA-BCD3-0C40CED9FE5A}.Release|Any CPU.ActiveCfg = Release|Any CPU
		{9CB79FC4-2900-4DFA-BCD3-0C40CED9FE5A}.Release|Any CPU.Build.0 = Release|Any CPU
		{3F357875-FDE7-4253-B072-DE5B1A418D7B}.Debug|Any CPU.ActiveCfg = Debug|Any CPU
		{3F357875-FDE7-4253-B072-DE5B1A418D7B}.Debug|Any CPU.Build.0 = Debug|Any CPU
		{3F357875-FDE7-4253-B072-DE5B1A418D7B}.Release|Any CPU.ActiveCfg = Release|Any CPU
		{3F357875-FDE7-4253-B072-DE5B1A418D7B}.Release|Any CPU.Build.0 = Release|Any CPU
		{EC68134D-5099-4DAC-AC35-CACC2DEBE73C}.Debug|Any CPU.ActiveCfg = Debug|Any CPU
		{EC68134D-5099-4DAC-AC35-CACC2DEBE73C}.Debug|Any CPU.Build.0 = Debug|Any CPU
		{EC68134D-5099-4DAC-AC35-CACC2DEBE73C}.Release|Any CPU.ActiveCfg = Release|Any CPU
		{EC68134D-5099-4DAC-AC35-CACC2DEBE73C}.Release|Any CPU.Build.0 = Release|Any CPU
		{E833164C-BE6B-4786-A4D1-FDA5A3751B45}.Debug|Any CPU.ActiveCfg = Debug|Any CPU
		{E833164C-BE6B-4786-A4D1-FDA5A3751B45}.Debug|Any CPU.Build.0 = Debug|Any CPU
		{E833164C-BE6B-4786-A4D1-FDA5A3751B45}.Release|Any CPU.ActiveCfg = Release|Any CPU
		{E833164C-BE6B-4786-A4D1-FDA5A3751B45}.Release|Any CPU.Build.0 = Release|Any CPU
	EndGlobalSection
	GlobalSection(NestedProjects) = preSolution
		{83D5B0F2-5528-4336-BA32-D627F96D68E4} = {C61C7961-462A-4ADC-9954-5EB0F03173C8}
		{D2491531-B880-4422-908A-10EE45FA2838} = {7FA2A9B0-3C66-43A5-9FCE-12E3F343AF94}
		{48543AFB-D2E3-4413-BBA0-CCE8AD64FC54} = {7FA2A9B0-3C66-43A5-9FCE-12E3F343AF94}
		{D120F6B9-0C16-4BD1-9EBB-75ACC099716D} = {7FA2A9B0-3C66-43A5-9FCE-12E3F343AF94}
		{345C534F-2EB4-4DAA-BC73-A60FA092095D} = {C61C7961-462A-4ADC-9954-5EB0F03173C8}
		{EE3CBD93-31B8-4014-AB70-8E83766D14D8} = {7FA2A9B0-3C66-43A5-9FCE-12E3F343AF94}
		{1394C3B1-6C48-49CC-B48C-8BAC813AB12F} = {7FA2A9B0-3C66-43A5-9FCE-12E3F343AF94}
		{9813B7A5-A111-44C2-9440-A9077D4C71B6} = {62AA46ED-C6B5-4A90-98D7-2196953250F8}
		{371D0D5C-13E4-4E19-92D8-32D383C48251} = {62AA46ED-C6B5-4A90-98D7-2196953250F8}
		{E5D7678D-0830-4ABE-87B3-FDED74BBC3D8} = {62AA46ED-C6B5-4A90-98D7-2196953250F8}
		{759F549B-8E56-495A-9683-53247590C2D2} = {62AA46ED-C6B5-4A90-98D7-2196953250F8}
		{7AE40924-73C6-4EFB-BCF0-99136E6AD706} = {62AA46ED-C6B5-4A90-98D7-2196953250F8}
		{40D38179-ABD8-4E30-A3F1-F6DFCC095FB9} = {62AA46ED-C6B5-4A90-98D7-2196953250F8}
		{258553BC-6FAA-4153-92EA-9B7236092165} = {62AA46ED-C6B5-4A90-98D7-2196953250F8}
		{36518933-8718-4141-8246-AFD8BA7D3945} = {2AA98FF1-89CB-4B0E-9D5C-2B4D744F517E}
		{A44A7B4F-4346-4079-B288-A48602DD4B12} = {2AA98FF1-89CB-4B0E-9D5C-2B4D744F517E}
		{F49023FD-2036-4DB9-9AD5-41B1D8CA7456} = {2AA98FF1-89CB-4B0E-9D5C-2B4D744F517E}
		{9C22AC74-D496-4D0E-9911-B26BAEDD69B0} = {2AA98FF1-89CB-4B0E-9D5C-2B4D744F517E}
		{7F3E220B-82BF-4708-99DE-80C52148F865} = {3EC7D5C4-0218-4A84-AD96-E1053140A633}
		{810D89C5-64C0-4F84-BA4D-673D0DF17E27} = {3EC7D5C4-0218-4A84-AD96-E1053140A633}
		{83C1C05A-F41B-4330-8EFB-7726E9CA0E7E} = {3EC7D5C4-0218-4A84-AD96-E1053140A633}
		{CD70EB35-FC35-4942-B3F9-67E03412BCCC} = {3EC7D5C4-0218-4A84-AD96-E1053140A633}
		{DBAFF968-DDC5-4223-ABDF-199D7DF9B8B5} = {3EC7D5C4-0218-4A84-AD96-E1053140A633}
		{611F7026-5D21-4685-AB2F-4D6AC261E84E} = {3EC7D5C4-0218-4A84-AD96-E1053140A633}
		{4663032E-667E-4D60-A215-D2D45972964B} = {3EC7D5C4-0218-4A84-AD96-E1053140A633}
		{7910657D-3C02-4691-8879-F8A18F06E084} = {3EC7D5C4-0218-4A84-AD96-E1053140A633}
		{1DBD99E9-E7EA-4287-95DF-C230D37A97CC} = {57EE43B0-B075-4B76-85CB-EE41120F509E}
		{52D4A8A2-52DC-4127-8851-A63B3601A42A} = {3EC7D5C4-0218-4A84-AD96-E1053140A633}
		{083B763B-D8A1-42EC-A9B0-95085B66BB48} = {3EC7D5C4-0218-4A84-AD96-E1053140A633}
		{F08F52C5-8F07-476C-9780-F49371F70215} = {3EC7D5C4-0218-4A84-AD96-E1053140A633}
		{54B6183B-63C6-4962-9833-FF551B6A42BC} = {3EC7D5C4-0218-4A84-AD96-E1053140A633}
		{2EAC3191-0279-4E79-8217-42F8B22C9105} = {3EC7D5C4-0218-4A84-AD96-E1053140A633}
		{DA6CF860-FDE7-4CB3-BE59-F4F95DE9A145} = {3EC7D5C4-0218-4A84-AD96-E1053140A633}
		{8D627065-2C27-4940-84AF-D18F818DD205} = {3EC7D5C4-0218-4A84-AD96-E1053140A633}
		{515AAB84-7839-4689-ABDC-9DF1522A1FA3} = {3EC7D5C4-0218-4A84-AD96-E1053140A633}
		{6FF9F7CF-B909-4893-8238-2FD6AD72B5A7} = {3EC7D5C4-0218-4A84-AD96-E1053140A633}
		{5FC450F1-7226-4DF2-A964-A0C1DCFB71AC} = {3EC7D5C4-0218-4A84-AD96-E1053140A633}
		{0B71DE91-7DB5-483E-9A63-3BB3F970C63C} = {57EE43B0-B075-4B76-85CB-EE41120F509E}
		{1AA68AB4-1E8B-40EC-8D85-7D2FCF04B911} = {57EE43B0-B075-4B76-85CB-EE41120F509E}
		{2D808ADC-6A6F-4F4A-AAB8-A3C79EF6947C} = {57EE43B0-B075-4B76-85CB-EE41120F509E}
		{14D8D5AE-2A12-4068-9807-50F135E27F99} = {57EE43B0-B075-4B76-85CB-EE41120F509E}
		{F0270219-5D1D-41EC-B781-245D9844F4D3} = {57EE43B0-B075-4B76-85CB-EE41120F509E}
		{1EE0B8CA-D9EC-419B-8FBB-49A8F2590271} = {6CC9999D-C224-4DFE-8FD3-4F139B85C659}
		{DF6FA05E-101C-4785-875E-8B8C5BC78A6A} = {6CC9999D-C224-4DFE-8FD3-4F139B85C659}
		{1A7DF6B8-96EC-4C99-9F44-5902EFD0F6E5} = {6CC9999D-C224-4DFE-8FD3-4F139B85C659}
		{9CB79FC4-2900-4DFA-BCD3-0C40CED9FE5A} = {2AA98FF1-89CB-4B0E-9D5C-2B4D744F517E}
		{3F357875-FDE7-4253-B072-DE5B1A418D7B} = {2AA98FF1-89CB-4B0E-9D5C-2B4D744F517E}
		{EC68134D-5099-4DAC-AC35-CACC2DEBE73C} = {2AA98FF1-89CB-4B0E-9D5C-2B4D744F517E}
		{E833164C-BE6B-4786-A4D1-FDA5A3751B45} = {2AA98FF1-89CB-4B0E-9D5C-2B4D744F517E}
	EndGlobalSection
EndGlobal
