
Microsoft Visual Studio Solution File, Format Version 12.00
# Visual Studio Version 17
VisualStudioVersion = 17.0.31903.59
MinimumVisualStudioVersion = 10.0.40219.1
Project("{FAE04EC0-301F-11D3-BF4B-00C04F79EFBC}") = "WebServer", "WebServer\WebServer.csproj", "{AA196FE5-70CF-4EF0-A5C2-329FA078657A}"
EndProject
Project("{FAE04EC0-301F-11D3-BF4B-00C04F79EFBC}") = "DogApiClient", "DogApiClient\DogApiClient.csproj", "{DF52BAF2-08D9-4D56-972D-109E7733B66C}"
EndProject
Global
	GlobalSection(SolutionConfigurationPlatforms) = preSolution
		Debug|Any CPU = Debug|Any CPU
		Release|Any CPU = Release|Any CPU
	EndGlobalSection
	GlobalSection(SolutionProperties) = preSolution
		HideSolutionNode = FALSE
	EndGlobalSection
	GlobalSection(ProjectConfigurationPlatforms) = postSolution
		{AA196FE5-70CF-4EF0-A5C2-329FA078657A}.Debug|Any CPU.ActiveCfg = Debug|Any CPU
		{AA196FE5-70CF-4EF0-A5C2-329FA078657A}.Debug|Any CPU.Build.0 = Debug|Any CPU
		{AA196FE5-70CF-4EF0-A5C2-329FA078657A}.Release|Any CPU.ActiveCfg = Release|Any CPU
		{AA196FE5-70CF-4EF0-A5C2-329FA078657A}.Release|Any CPU.Build.0 = Release|Any CPU
		{DF52BAF2-08D9-4D56-972D-109E7733B66C}.Debug|Any CPU.ActiveCfg = Debug|Any CPU
		{DF52BAF2-08D9-4D56-972D-109E7733B66C}.Debug|Any CPU.Build.0 = Debug|Any CPU
		{DF52BAF2-08D9-4D56-972D-109E7733B66C}.Release|Any CPU.ActiveCfg = Release|Any CPU
		{DF52BAF2-08D9-4D56-972D-109E7733B66C}.Release|Any CPU.Build.0 = Release|Any CPU
	EndGlobalSection
EndGlobal
