
Microsoft Visual Studio Solution File, Format Version 12.00
Project("{FAE04EC0-301F-11D3-BF4B-00C04F79EFBC}") = "Scratch", "Scratch\Scratch.csproj", "{2C7281DB-6FE3-4994-87E4-7412392B81D1}"
EndProject
Project("{2150E333-8FDC-42A3-9474-1A3956D46DE8}") = "C01 - Statements", "C01 - Statements", "{C61C7961-462A-4ADC-9954-5EB0F03173C8}"
EndProject
Project("{FAE04EC0-301F-11D3-BF4B-00C04F79EFBC}") = "C01_D02_HelloWorld_Classic", "C01_D02_HelloWorld_Classic\C01_D02_HelloWorld_Classic.csproj", "{83D5B0F2-5528-4336-BA32-D627F96D68E4}"
EndProject
Project("{2150E333-8FDC-42A3-9474-1A3956D46DE8}") = "C02 - Variables and Literals", "C02 - Variables and Literals", "{7FA2A9B0-3C66-43A5-9FCE-12E3F343AF94}"
EndProject
Project("{FAE04EC0-301F-11D3-BF4B-00C04F79EFBC}") = "C02_D01_Literal_And_Variables", "C02_D01_Literal_And_Variables\C02_D01_Literal_And_Variables.csproj", "{D2491531-B880-4422-908A-10EE45FA2838}"
EndProject
Project("{FAE04EC0-301F-11D3-BF4B-00C04F79EFBC}") = "C02_D02_Multiple_Variables", "C02_D02_Multiple_Variables\C02_D02_Multiple_Variables.csproj", "{48543AFB-D2E3-4413-BBA0-CCE8AD64FC54}"
EndProject
Project("{FAE04EC0-301F-11D3-BF4B-00C04F79EFBC}") = "C02_D03_Ask_For_Name", "C02_D03_Ask_For_Name\C02_D03_Ask_For_Name.csproj", "{D120F6B9-0C16-4BD1-9EBB-75ACC099716D}"
EndProject
Project("{FAE04EC0-301F-11D3-BF4B-00C04F79EFBC}") = "C01_D01_HelloWorld_Modern", "C01_D01_HelloWorld_Modern\C01_D01_HelloWorld_Modern.csproj", "{345C534F-2EB4-4DAA-BC73-A60FA092095D}"
EndProject
Project("{FAE04EC0-301F-11D3-BF4B-00C04F79EFBC}") = "C02_L01S_Ask_For_Name_And_Greeting", "C02_L01S_Ask_For_Name_And_Greeting\C02_L01S_Ask_For_Name_And_Greeting.csproj", "{EE3CBD93-31B8-4014-AB70-8E83766D14D8}"
EndProject
Project("{FAE04EC0-301F-11D3-BF4B-00C04F79EFBC}") = "C02_L01P_Ask_For_Name_And_Greeting", "C02_L01P_Ask_For_Name_And_Greeting\C02_L01P_Ask_For_Name_And_Greeting.csproj", "{1394C3B1-6C48-49CC-B48C-8BAC813AB12F}"
EndProject
Project("{2150E333-8FDC-42A3-9474-1A3956D46DE8}") = "C03 - Methods", "C03 - Methods", "{62AA46ED-C6B5-4A90-98D7-2196953250F8}"
EndProject
Project("{FAE04EC0-301F-11D3-BF4B-00C04F79EFBC}") = "C03_D01_Method_Declaring", "C03_D01_Method_Declaring\C03_D01_Method_Declaring.csproj", "{9813B7A5-A111-44C2-9440-A9077D4C71B6}"
EndProject
Project("{FAE04EC0-301F-11D3-BF4B-00C04F79EFBC}") = "C03_D02_Method_Invoking", "C03_D02_Method_Invoking\C03_D02_Method_Invoking.csproj", "{371D0D5C-13E4-4E19-92D8-32D383C48251}"
EndProject
Project("{FAE04EC0-301F-11D3-BF4B-00C04F79EFBC}") = "C03_D03_Method_Parameters_And_Scope", "C03_D03_Method_Parameters_And_Scope\C03_D03_Method_Parameters_And_Scope.csproj", "{E5D7678D-0830-4ABE-87B3-FDED74BBC3D8}"
EndProject
Project("{FAE04EC0-301F-11D3-BF4B-00C04F79EFBC}") = "C03_D04_Return_Type", "C03_D04_Return_Type\C03_D04_Return_Type.csproj", "{759F549B-8E56-495A-9683-53247590C2D2}"
EndProject
Project("{FAE04EC0-301F-11D3-BF4B-00C04F79EFBC}") = "C03_D05_Multiple_Parameters", "C03_D05_Multiple_Parameters\C03_D05_Multiple_Parameters.csproj", "{7AE40924-73C6-4EFB-BCF0-99136E6AD706}"
EndProject
Project("{FAE04EC0-301F-11D3-BF4B-00C04F79EFBC}") = "C03_L01S_CreateGreeting", "C03_L01S_CreateGreeting\C03_L01S_CreateGreeting.csproj", "{40D38179-ABD8-4E30-A3F1-F6DFCC095FB9}"
EndProject
Project("{FAE04EC0-301F-11D3-BF4B-00C04F79EFBC}") = "C03_L01P_CreateGreeting", "C03_L01P_CreateGreeting\C03_L01P_CreateGreeting.csproj", "{258553BC-6FAA-4153-92EA-9B7236092165}"
EndProject
Project("{2150E333-8FDC-42A3-9474-1A3956D46DE8}") = "C04 - Primitives", "C04 - Primitives", "{2AA98FF1-89CB-4B0E-9D5C-2B4D744F517E}"
EndProject
Project("{FAE04EC0-301F-11D3-BF4B-00C04F79EFBC}") = "C04_D01_String", "C04_D01_String\C04_D01_String.csproj", "{36518933-8718-4141-8246-AFD8BA7D3945}"
EndProject
Project("{FAE04EC0-301F-11D3-BF4B-00C04F79EFBC}") = "C04_D02_Numbers", "C04_D02_Numbers\C04_D02_Numbers.csproj", "{A44A7B4F-4346-4079-B288-A48602DD4B12}"
EndProject
Project("{FAE04EC0-301F-11D3-BF4B-00C04F79EFBC}") = "C04_D03_Math", "C04_D03_Math\C04_D03_Math.csproj", "{F49023FD-2036-4DB9-9AD5-41B1D8CA7456}"
EndProject
Project("{FAE04EC0-301F-11D3-BF4B-00C04F79EFBC}") = "C04_D04_Booleans_And_Comparison", "C04_D04_Booleans_And_Comparison\C04_D04_Booleans_And_Comparison.csproj", "{9C22AC74-D496-4D0E-9911-B26BAEDD69B0}"
EndProject
Project("{2150E333-8FDC-42A3-9474-1A3956D46DE8}") = "C05 - Branching", "C05 - Branching", "{3EC7D5C4-0218-4A84-AD96-E1053140A633}"
EndProject
Project("{FAE04EC0-301F-11D3-BF4B-00C04F79EFBC}") = "C05_D01_If", "C05_D01_If\C05_D01_If.csproj", "{7F3E220B-82BF-4708-99DE-80C52148F865}"
EndProject
Project("{FAE04EC0-301F-11D3-BF4B-00C04F79EFBC}") = "C05_D02_If_Else", "C05_D02_If_Else\C05_D02_If_Else.csproj", "{810D89C5-64C0-4F84-BA4D-673D0DF17E27}"
EndProject
Project("{FAE04EC0-301F-11D3-BF4B-00C04F79EFBC}") = "C05_D03_If_Else_Else", "C05_D03_If_Else_Else\C05_D03_If_Else_Else.csproj", "{83C1C05A-F41B-4330-8EFB-7726E9CA0E7E}"
EndProject
Project("{FAE04EC0-301F-11D3-BF4B-00C04F79EFBC}") = "C05_D04_If_Recursion", "C05_D04_If_Recursion\C05_D04_If_Recursion.csproj", "{CD70EB35-FC35-4942-B3F9-67E03412BCCC}"
EndProject
Project("{FAE04EC0-301F-11D3-BF4B-00C04F79EFBC}") = "C05_D05_Avoid_StackOverflow", "C05_D05_Avoid_StackOverflow\C05_D05_Avoid_StackOverflow.csproj", "{DBAFF968-DDC5-4223-ABDF-199D7DF9B8B5}"
EndProject
Project("{FAE04EC0-301F-11D3-BF4B-00C04F79EFBC}") = "C05_D06_Fix_StackOverflow", "C05_D06_Fix_StackOverflow\C05_D06_Fix_StackOverflow.csproj", "{611F7026-5D21-4685-AB2F-4D6AC261E84E}"
EndProject
Project("{FAE04EC0-301F-11D3-BF4B-00C04F79EFBC}") = "C05_D07_While", "C05_D07_While\C05_D07_While.csproj", "{4663032E-667E-4D60-A215-D2D45972964B}"
EndProject
Project("{FAE04EC0-301F-11D3-BF4B-00C04F79EFBC}") = "C05_D08_Do_While", "C05_D08_Do_While\C05_D08_Do_While.csproj", "{7910657D-3C02-4691-8879-F8A18F06E084}"
EndProject
Project("{2150E333-8FDC-42A3-9474-1A3956D46DE8}") = "C06 - Iterating", "C06 - Iterating", "{57EE43B0-B075-4B76-85CB-EE41120F509E}"
EndProject
Project("{FAE04EC0-301F-11D3-BF4B-00C04F79EFBC}") = "C06_D01_For_Keyword", "C06_D01_For_Keyword\C06_D01_For_Keyword.csproj", "{1DBD99E9-E7EA-4287-95DF-C230D37A97CC}"
EndProject
Project("{FAE04EC0-301F-11D3-BF4B-00C04F79EFBC}") = "C05_L01S_GuessRandomNumber_P2", "C05_L01S_GuessRandomNumber_P2\C05_L01S_GuessRandomNumber_P2.csproj", "{52D4A8A2-52DC-4127-8851-A63B3601A42A}"
EndProject
Project("{FAE04EC0-301F-11D3-BF4B-00C04F79EFBC}") = "C05_L01S_GuessRandomNumber_P3", "C05_L01S_GuessRandomNumber_P3\C05_L01S_GuessRandomNumber_P3.csproj", "{083B763B-D8A1-42EC-A9B0-95085B66BB48}"
EndProject
Project("{FAE04EC0-301F-11D3-BF4B-00C04F79EFBC}") = "C05_L01S_GuessRandomNumber_P4", "C05_L01S_GuessRandomNumber_P4\C05_L01S_GuessRandomNumber_P4.csproj", "{F08F52C5-8F07-476C-9780-F49371F70215}"
EndProject
Project("{FAE04EC0-301F-11D3-BF4B-00C04F79EFBC}") = "C05_L01S_GuessRandomNumber_P1", "C05_L01S_GuessRandomNumber_P1\C05_L01S_GuessRandomNumber_P1.csproj", "{54B6183B-63C6-4962-9833-FF551B6A42BC}"
EndProject
Project("{FAE04EC0-301F-11D3-BF4B-00C04F79EFBC}") = "C05_L01P_GuessRandomNumber", "C05_L01P_GuessRandomNumber\C05_L01P_GuessRandomNumber.csproj", "{2EAC3191-0279-4E79-8217-42F8B22C9105}"
EndProject
Project("{FAE04EC0-301F-11D3-BF4B-00C04F79EFBC}") = "C05_L02S_HigherLower_P4", "C05_L02S_HigherLower_P4\C05_L02S_HigherLower_P4.csproj", "{DA6CF860-FDE7-4CB3-BE59-F4F95DE9A145}"
EndProject
Project("{FAE04EC0-301F-11D3-BF4B-00C04F79EFBC}") = "C05_L02P_HigherLower", "C05_L02P_HigherLower\C05_L02P_HigherLower.csproj", "{8D627065-2C27-4940-84AF-D18F818DD205}"
EndProject
Project("{FAE04EC0-301F-11D3-BF4B-00C04F79EFBC}") = "C05_L02S_HigherLower_P3", "C05_L02S_HigherLower_P3\C05_L02S_HigherLower_P3.csproj", "{515AAB84-7839-4689-ABDC-9DF1522A1FA3}"
EndProject
Project("{FAE04EC0-301F-11D3-BF4B-00C04F79EFBC}") = "C05_L02S_HigherLower_P2", "C05_L02S_HigherLower_P2\C05_L02S_HigherLower_P2.csproj", "{6FF9F7CF-B909-4893-8238-2FD6AD72B5A7}"
EndProject
Project("{FAE04EC0-301F-11D3-BF4B-00C04F79EFBC}") = "C05_L02S_HigherLower_P1", "C05_L02S_HigherLower_P1\C05_L02S_HigherLower_P1.csproj", "{5FC450F1-7226-4DF2-A964-A0C1DCFB71AC}"
EndProject
Project("{FAE04EC0-301F-11D3-BF4B-00C04F79EFBC}") = "C06_L01S_Count_Down_P1", "C06_L01S_Count_Down_P1\C06_L01S_Count_Down_P1.csproj", "{0B71DE91-7DB5-483E-9A63-3BB3F970C63C}"
EndProject
Project("{FAE04EC0-301F-11D3-BF4B-00C04F79EFBC}") = "C06_L01S_Count_Down_P2", "C06_L01S_Count_Down_P2\C06_L01S_Count_Down_P2.csproj", "{1AA68AB4-1E8B-40EC-8D85-7D2FCF04B911}"
EndProject
Project("{FAE04EC0-301F-11D3-BF4B-00C04F79EFBC}") = "C06_L01P_Count_Down", "C06_L01P_Count_Down\C06_L01P_Count_Down.csproj", "{2D808ADC-6A6F-4F4A-AAB8-A3C79EF6947C}"
EndProject
Project("{FAE04EC0-301F-11D3-BF4B-00C04F79EFBC}") = "C06_D02_Break_Keyword", "C06_D02_Break_Keyword\C06_D02_Break_Keyword.csproj", "{14D8D5AE-2A12-4068-9807-50F135E27F99}"
EndProject
Project("{FAE04EC0-301F-11D3-BF4B-00C04F79EFBC}") = "C06_D03_Continue_Keyword", "C06_D03_Continue_Keyword\C06_D03_Continue_Keyword.csproj", "{F0270219-5D1D-41EC-B781-245D9844F4D3}"
EndProject
Project("{2150E333-8FDC-42A3-9474-1A3956D46DE8}") = "C08 - Collection", "C08 - Collection", "{6CC9999D-C224-4DFE-8FD3-4F139B85C659}"
EndProject
Project("{FAE04EC0-301F-11D3-BF4B-00C04F79EFBC}") = "C08_D01_Array", "C08_D01_Array\C08_D01_Array.csproj", "{1EE0B8CA-D9EC-419B-8FBB-49A8F2590271}"
EndProject
Project("{FAE04EC0-301F-11D3-BF4B-00C04F79EFBC}") = "C08_D02_Foreach_Keyword", "C08_D02_Foreach_Keyword\C08_D02_Foreach_Keyword.csproj", "{DF6FA05E-101C-4785-875E-8B8C5BC78A6A}"
EndProject
Project("{FAE04EC0-301F-11D3-BF4B-00C04F79EFBC}") = "C08_D03_List", "C08_D03_List\C08_D03_List.csproj", "{1A7DF6B8-96EC-4C99-9F44-5902EFD0F6E5}"
EndProject
Project("{FAE04EC0-301F-11D3-BF4B-00C04F79EFBC}") = "C04_L01S_SharingApples", "C04_L01S_SharingApples\C04_L01S_SharingApples.csproj", "{9CB79FC4-2900-4DFA-BCD3-0C40CED9FE5A}"
EndProject
Project("{FAE04EC0-301F-11D3-BF4B-00C04F79EFBC}") = "C04_L01P_SharingApples", "C04_L01P_SharingApples\C04_L01P_SharingApples.csproj", "{3F357875-FDE7-4253-B072-DE5B1A418D7B}"
EndProject
Project("{FAE04EC0-301F-11D3-BF4B-00C04F79EFBC}") = "C04_D05_Numbers_To_String", "C04_D05_Numbers_To_String\C04_D05_Numbers_To_String.csproj", "{EC68134D-5099-4DAC-AC35-CACC2DEBE73C}"
EndProject
Project("{FAE04EC0-301F-11D3-BF4B-00C04F79EFBC}") = "C04_D06_String_To_Numbers", "C04_D06_String_To_Numbers\C04_D06_String_To_Numbers.csproj", "{E833164C-BE6B-4786-A4D1-FDA5A3751B45}"
EndProject
Project("{2150E333-8FDC-42A3-9474-1A3956D46DE8}") = "C09 - OOP", "C09 - OOP", "{A4B4804A-82ED-4270-82EC-8E96152C4D6D}"
EndProject
Project("{2150E333-8FDC-42A3-9474-1A3956D46DE8}") = "C12 - Inheritance and polymorphism", "C12 - Inheritance and polymorphism", "{3A6F540A-5153-4E84-8E15-790AB3FFFA52}"
EndProject
Project("{2150E333-8FDC-42A3-9474-1A3956D46DE8}") = "C10 - Exception handeling", "C10 - Exception handeling", "{AB06455C-2F30-4E1D-B732-4FAAA13E7B0C}"
EndProject
Project("{2150E333-8FDC-42A3-9474-1A3956D46DE8}") = "C07 - File IO", "C07 - File IO", "{F61DC906-217B-47AB-B1A5-80ED37444CCF}"
EndProject
Project("{2150E333-8FDC-42A3-9474-1A3956D46DE8}") = "C14 - LINQ", "C14 - LINQ", "{4A07CFDC-B7B8-404A-8666-47497E329107}"
EndProject
Project("{2150E333-8FDC-42A3-9474-1A3956D46DE8}") = "C13 - Generics and overloading", "C13 - Generics and overloading", "{7CF2ED57-B410-4BBE-8D25-FE3E8942D93E}"
EndProject
Project("{2150E333-8FDC-42A3-9474-1A3956D46DE8}") = "C11 - Namespaces", "C11 - Namespaces", "{837B86D7-B1C4-4A0C-8C2D-15C40A7B5819}"
EndProject
Project("{2150E333-8FDC-42A3-9474-1A3956D46DE8}") = "CXX - Attributes", "CXX - Attributes", "{04D1215F-2BCE-4278-B601-6E8789E6DAC3}"
EndProject
Project("{FAE04EC0-301F-11D3-BF4B-00C04F79EFBC}") = "C08_L01S_FamilyMembers_P1", "C08_L01S_FamilyMembers_P1\C08_L01S_FamilyMembers_P1.csproj", "{836B498D-E535-455E-A456-BD9A65652560}"
EndProject
Project("{FAE04EC0-301F-11D3-BF4B-00C04F79EFBC}") = "C04_D07_Enums", "C04_D07_Enums\C04_D07_Enums.csproj", "{1FF86910-BAE0-450C-B717-5A1BBD85B48A}"
EndProject
Project("{FAE04EC0-301F-11D3-BF4B-00C04F79EFBC}") = "C08_L01P_FamilyMembers", "C08_L01P_FamilyMembers\C08_L01P_FamilyMembers.csproj", "{E411FA17-120E-4A55-AFFD-647D4FD42CA2}"
EndProject
Project("{FAE04EC0-301F-11D3-BF4B-00C04F79EFBC}") = "C08_L01S_FamilyMembers_P2", "C08_L01S_FamilyMembers_P2\C08_L01S_FamilyMembers_P2.csproj", "{D38F63DD-F25F-4729-84AE-40C9CF0CD7A9}"
EndProject
Project("{FAE04EC0-301F-11D3-BF4B-00C04F79EFBC}") = "C08_L01S_FamilyMembers_P3", "C08_L01S_FamilyMembers_P3\C08_L01S_FamilyMembers_P3.csproj", "{9186BA14-8CE7-4094-86D9-D1304E05292B}"
EndProject
Project("{FAE04EC0-301F-11D3-BF4B-00C04F79EFBC}") = "C08_L01S_FamilyMembers_P4", "C08_L01S_FamilyMembers_P4\C08_L01S_FamilyMembers_P4.csproj", "{01325953-C966-48DA-A42B-E36C45CD1219}"
EndProject
Project("{FAE04EC0-301F-11D3-BF4B-00C04F79EFBC}") = "C08_D04_HashSet", "C08_D04_HashSet\C08_D04_HashSet.csproj", "{D7A7434A-7C58-4529-892D-D2CA9E123713}"
EndProject
Project("{FAE04EC0-301F-11D3-BF4B-00C04F79EFBC}") = "C08_D05_Dictionary", "C08_D05_Dictionary\C08_D05_Dictionary.csproj", "{254C206F-AC63-410E-94E4-E9D9EB2FF428}"
EndProject
Project("{FAE04EC0-301F-11D3-BF4B-00C04F79EFBC}") = "C08_D06_IEnumerable_P1", "C08_D06_IEnumerable_P1\C08_D06_IEnumerable_P1.csproj", "{69CFC252-6994-4B93-A22C-04BBF768D88A}"
EndProject
Project("{FAE04EC0-301F-11D3-BF4B-00C04F79EFBC}") = "C08_D06_IEnumerable_P2", "C08_D06_IEnumerable_P2\C08_D06_IEnumerable_P2.csproj", "{308796A6-C92F-42C4-B2A9-C90D6223594A}"
EndProject
Project("{FAE04EC0-301F-11D3-BF4B-00C04F79EFBC}") = "C08_D06_IEnumerable_P3", "C08_D06_IEnumerable_P3\C08_D06_IEnumerable_P3.csproj", "{4DF4EB1F-10BE-4C91-8E72-13354640A96C}"
EndProject
Project("{FAE04EC0-301F-11D3-BF4B-00C04F79EFBC}") = "C08_D06_IEnumerable_P4", "C08_D06_IEnumerable_P4\C08_D06_IEnumerable_P4.csproj", "{2D378FB5-46C5-487E-8D8A-831A9B5BB051}"
EndProject
Project("{FAE04EC0-301F-11D3-BF4B-00C04F79EFBC}") = "C08_D06_IEnumerable_P5", "C08_D06_IEnumerable_P5\C08_D06_IEnumerable_P5.csproj", "{3AF5BCD7-926C-4FAE-A8A7-F305C242FD4A}"
EndProject
Project("{FAE04EC0-301F-11D3-BF4B-00C04F79EFBC}") = "C08_L02S_Fibonacci", "C08_L02S_Fibonacci\C08_L02S_Fibonacci.csproj", "{04CBA452-66EC-499A-BCA0-C09677134069}"
EndProject
Project("{FAE04EC0-301F-11D3-BF4B-00C04F79EFBC}") = "C08_L02P_Fibonacci", "C08_L02P_Fibonacci\C08_L02P_Fibonacci.csproj", "{73F5080D-833F-4D33-868A-F6DA9390986C}"
EndProject
Project("{FAE04EC0-301F-11D3-BF4B-00C04F79EFBC}") = "C11_D01_Namespaces", "C11_D01_Namespaces\C11_D01_Namespaces.csproj", "{90B187AF-0EF5-4CE5-9E07-35DB41E86A0E}"
EndProject
Project("{FAE04EC0-301F-11D3-BF4B-00C04F79EFBC}") = "C11_D02_UsingNamespace", "C11_D02_UsingNamespace\C11_D02_UsingNamespace.csproj", "{5B476200-0138-4C98-BBEE-DD5ADA19D3EF}"
EndProject
Project("{FAE04EC0-301F-11D3-BF4B-00C04F79EFBC}") = "C09_D01_Class_Fields", "C09_D01_Class_Fields\C09_D01_Class_Fields.csproj", "{A89D41C7-0E73-4DE8-913B-97DE0DDB7871}"
EndProject
Project("{FAE04EC0-301F-11D3-BF4B-00C04F79EFBC}") = "C09_D02_Class_MemberFunctions", "C09_D02_Class_MemberFunctions\C09_D02_Class_MemberFunctions.csproj", "{1AC04EA3-DD75-44B8-BFAE-81002852A3F9}"
EndProject
Project("{FAE04EC0-301F-11D3-BF4B-00C04F79EFBC}") = "C09_D03_Class_GetProperty", "C09_D03_Class_GetProperty\C09_D03_Class_GetProperty.csproj", "{E0434478-24A7-4B99-924C-52B6858B3B16}"
EndProject
Project("{FAE04EC0-301F-11D3-BF4B-00C04F79EFBC}") = "C09_D04_Class_SetProperty", "C09_D04_Class_SetProperty\C09_D04_Class_SetProperty.csproj", "{8A66FACC-48BA-4964-B394-782B919A4837}"
EndProject
Project("{FAE04EC0-301F-11D3-BF4B-00C04F79EFBC}") = "C09_D05_Class_AutoProperty", "C09_D05_Class_AutoProperty\C09_D05_Class_AutoProperty.csproj", "{6826B0A0-6A95-4B50-B684-E7B76F83BCA6}"
EndProject
Project("{FAE04EC0-301F-11D3-BF4B-00C04F79EFBC}") = "C09_D06_Class_Constructor", "C09_D06_Class_Constructor\C09_D06_Class_Constructor.csproj", "{84B1CF52-8384-4947-95B6-510411B34F38}"
EndProject
Project("{FAE04EC0-301F-11D3-BF4B-00C04F79EFBC}") = "C09_D07_Class_ReferenceType", "C09_D07_Class_ReferenceType\C09_D07_Class_ReferenceType.csproj", "{BD99D2FF-6341-430C-8945-5FD36F338A0B}"
EndProject
Project("{FAE04EC0-301F-11D3-BF4B-00C04F79EFBC}") = "C09_D08_Struct_ValueType", "C09_D08_Struct_ValueType\C09_D08_Struct_ValueType.csproj", "{520D7CDB-E96E-4528-A3E2-B52B746B5F6D}"
EndProject
Project("{FAE04EC0-301F-11D3-BF4B-00C04F79EFBC}") = "C09_D09_Struct_RefKeyword", "C09_D09_Struct_RefKeyword\C09_D09_Struct_RefKeyword.csproj", "{363BA3C3-C5F7-465C-B1FA-A2C764EDC549}"
EndProject
Project("{FAE04EC0-301F-11D3-BF4B-00C04F79EFBC}") = "C09_D10_Multiple_Constructors", "C09_D10_Multiple_Constructors\C09_D10_Multiple_Constructors.csproj", "{079D4AE8-E773-4659-B033-95EDD5167AD2}"
EndProject
Project("{FAE04EC0-301F-11D3-BF4B-00C04F79EFBC}") = "CXX_DXX_Finalizer", "CXX_DXX_Finalizer\CXX_DXX_Finalizer.csproj", "{8724B88F-A435-4EEC-9859-5B2EFD5EE276}"
EndProject
Project("{FAE04EC0-301F-11D3-BF4B-00C04F79EFBC}") = "C09_D12_PartialKeyword_P1", "C09_D12_PartialKeyword_P1\C09_D12_PartialKeyword_P1.csproj", "{0795A715-6430-4269-870D-27B93EA9F291}"
EndProject
Project("{FAE04EC0-301F-11D3-BF4B-00C04F79EFBC}") = "C09_D12_PartialKeyword_P2", "C09_D12_PartialKeyword_P2\C09_D12_PartialKeyword_P2.csproj", "{03FB498E-DF28-4494-AADC-F50BFEE7DBFE}"
EndProject
Project("{FAE04EC0-301F-11D3-BF4B-00C04F79EFBC}") = "C09_D13_Indexers", "C09_D13_Indexers\C09_D13_Indexers.csproj", "{CCBD2C0E-5B5F-49BE-9187-B1DFDE90F7C7}"
EndProject
Project("{FAE04EC0-301F-11D3-BF4B-00C04F79EFBC}") = "C09_L01S_EmailAddress", "C09_L01S_EmailAddress\C09_L01S_EmailAddress.csproj", "{74DD202D-9755-4863-9BE3-3A7898DE69FD}"
EndProject
Project("{FAE04EC0-301F-11D3-BF4B-00C04F79EFBC}") = "C09_D14_Override", "C09_D14_Override\C09_D14_Override.csproj", "{709C7A04-DA85-481E-A00A-3199B75F4CB5}"
EndProject
Project("{FAE04EC0-301F-11D3-BF4B-00C04F79EFBC}") = "C09_D16_Operators_P1", "C09_D16_Operators_P1\C09_D16_Operators_P1.csproj", "{53591DAC-8B67-4548-954D-8832D6095AE5}"
EndProject
Project("{FAE04EC0-301F-11D3-BF4B-00C04F79EFBC}") = "C09_D16_Operators_P2", "C09_D16_Operators_P2\C09_D16_Operators_P2.csproj", "{3F5A771B-CA90-459C-BD54-CFE9940598F5}"
EndProject
Project("{FAE04EC0-301F-11D3-BF4B-00C04F79EFBC}") = "C09_D16_Operators_P3", "C09_D16_Operators_P3\C09_D16_Operators_P3.csproj", "{11CAEB42-1F33-4F6D-B295-8AD8959E5671}"
EndProject
Project("{FAE04EC0-301F-11D3-BF4B-00C04F79EFBC}") = "C09_D16_Operators_P4", "C09_D16_Operators_P4\C09_D16_Operators_P4.csproj", "{E6EF5B2D-C1D2-4043-8E34-8C8BFB61542B}"
EndProject
Project("{FAE04EC0-301F-11D3-BF4B-00C04F79EFBC}") = "C09_D16_Operators_P5", "C09_D16_Operators_P5\C09_D16_Operators_P5.csproj", "{AAD93593-13AD-4448-AE66-E9BE56EE3F97}"
EndProject
Project("{FAE04EC0-301F-11D3-BF4B-00C04F79EFBC}") = "C09_L01P_EmailAddress", "C09_L01P_EmailAddress\C09_L01P_EmailAddress.csproj", "{A09322E1-9298-409D-BCE5-A52504ACF42B}"
EndProject
Project("{FAE04EC0-301F-11D3-BF4B-00C04F79EFBC}") = "C09_D15_StaticMethod_And_StaticProperties", "C09_D15_StaticMethod_And_StaticProperties\C09_D15_StaticMethod_And_StaticProperties.csproj", "{BF0ECF03-8C83-4A9B-9826-8E1827C13AAD}"
EndProject
Project("{FAE04EC0-301F-11D3-BF4B-00C04F79EFBC}") = "C10_D01_ThrowAnException", "C10_D01_ThrowAnException\C10_D01_ThrowAnException.csproj", "{AF5400B3-654F-4A9E-BACB-D36317E5DEC5}"
EndProject
Project("{FAE04EC0-301F-11D3-BF4B-00C04F79EFBC}") = "C10_D02_CatchAnException_P1", "C10_D02_CatchAnException_P1\C10_D02_CatchAnException_P1.csproj", "{93730A05-C012-4A2B-A5B8-16108941F7CB}"
EndProject
Project("{FAE04EC0-301F-11D3-BF4B-00C04F79EFBC}") = "C10_D02_CatchAnException_P2", "C10_D02_CatchAnException_P2\C10_D02_CatchAnException_P2.csproj", "{FDD96142-7F95-4841-A735-46A3CC4D48E9}"
EndProject
Project("{FAE04EC0-301F-11D3-BF4B-00C04F79EFBC}") = "C10_D02_CatchAnException_P3", "C10_D02_CatchAnException_P3\C10_D02_CatchAnException_P3.csproj", "{64D12EA8-0309-4005-A90E-24CBFDBFBB57}"
EndProject
Project("{FAE04EC0-301F-11D3-BF4B-00C04F79EFBC}") = "C10_D02_CatchAnException_P4", "C10_D02_CatchAnException_P4\C10_D02_CatchAnException_P4.csproj", "{0494FCC7-B283-46D2-8B47-2319125DD43C}"
EndProject
Project("{FAE04EC0-301F-11D3-BF4B-00C04F79EFBC}") = "C10_D02_CatchAnException_P5", "C10_D02_CatchAnException_P5\C10_D02_CatchAnException_P5.csproj", "{69513609-EA53-41FE-918A-F2BF160AAF5E}"
EndProject
Project("{FAE04EC0-301F-11D3-BF4B-00C04F79EFBC}") = "C10_D03_YourOwnException", "C10_D03_YourOwnException\C10_D03_YourOwnException.csproj", "{86033DE0-AF90-4948-A5AC-386CAFDB16EF}"
EndProject
Project("{FAE04EC0-301F-11D3-BF4B-00C04F79EFBC}") = "C12_D01_Inheritance", "C12_D01_Inheritance\C12_D01_Inheritance.csproj", "{451F0C15-3E9E-40C8-BEBF-99244E3531A6}"
EndProject
Project("{FAE04EC0-301F-11D3-BF4B-00C04F79EFBC}") = "C12_D02_BaseConstructors", "C12_D02_BaseConstructors\C12_D02_BaseConstructors.csproj", "{B89F401E-77D8-411A-B8C3-C2EA59EF1298}"
EndProject
Project("{FAE04EC0-301F-11D3-BF4B-00C04F79EFBC}") = "C13_D01_MethodOverloading", "C13_D01_MethodOverloading\C13_D01_MethodOverloading.csproj", "{19087226-2519-43D9-9AB9-F28A611F2F44}"
EndProject
Project("{FAE04EC0-301F-11D3-BF4B-00C04F79EFBC}") = "C12_D03_Casting_P1", "C12_D03_Casting_P1\C12_D03_Casting_P1.csproj", "{045494E9-DDD2-4792-8BA8-893EB6349319}"
EndProject
Project("{FAE04EC0-301F-11D3-BF4B-00C04F79EFBC}") = "C12_D03_Casting_P2", "C12_D03_Casting_P2\C12_D03_Casting_P2.csproj", "{E97FFF3E-2790-4AB1-AF70-92A3501698E0}"
EndProject
Project("{FAE04EC0-301F-11D3-BF4B-00C04F79EFBC}") = "C12_D03_Casting_P3", "C12_D03_Casting_P3\C12_D03_Casting_P3.csproj", "{04B7B2E5-DF7C-40E5-A9CD-E31C05C0ABB1}"
EndProject
Project("{FAE04EC0-301F-11D3-BF4B-00C04F79EFBC}") = "C12_D03_Casting_P4", "C12_D03_Casting_P4\C12_D03_Casting_P4.csproj", "{831AE6A1-1BA0-4E1D-A466-5BC18389D382}"
EndProject
Project("{FAE04EC0-301F-11D3-BF4B-00C04F79EFBC}") = "C12_D04_Boxing", "C12_D04_Boxing\C12_D04_Boxing.csproj", "{A7CF70D9-88A1-44A7-8788-B3F0ADFC1709}"
EndProject
Project("{FAE04EC0-301F-11D3-BF4B-00C04F79EFBC}") = "C12_D05_Interfaces_P1", "C12_D05_Interfaces_P1\C12_D05_Interfaces_P1.csproj", "{DD8498C8-39BB-4951-99D8-3807861CF6A2}"
EndProject
Project("{FAE04EC0-301F-11D3-BF4B-00C04F79EFBC}") = "C12_D05_Interfaces_P2", "C12_D05_Interfaces_P2\C12_D05_Interfaces_P2.csproj", "{C70AE120-26D6-4941-A3C7-58687FB2125D}"
EndProject
Project("{FAE04EC0-301F-11D3-BF4B-00C04F79EFBC}") = "C12_D05_Interfaces_P3", "C12_D05_Interfaces_P3\C12_D05_Interfaces_P3.csproj", "{8E0DC9DD-84DD-4C2F-B9EC-D3CE360477B1}"
EndProject
Project("{FAE04EC0-301F-11D3-BF4B-00C04F79EFBC}") = "C12_D05_Interfaces_P4", "C12_D05_Interfaces_P4\C12_D05_Interfaces_P4.csproj", "{7BBFA89C-49C5-43E7-B251-EAB70B3D8A39}"
EndProject
Project("{FAE04EC0-301F-11D3-BF4B-00C04F79EFBC}") = "C12_D06_Interfaces_P5", "C12_D06_Interfaces_P5\C12_D06_Interfaces_P5.csproj", "{C6E75FF1-88B8-42BE-BCF4-0BF99966F642}"
EndProject
Project("{FAE04EC0-301F-11D3-BF4B-00C04F79EFBC}") = "C07_D01_WritingText", "C07_D01_WritingText\C07_D01_WritingText.csproj", "{02AD797C-0143-4F64-8F03-816E8B83B7A5}"
EndProject
Project("{FAE04EC0-301F-11D3-BF4B-00C04F79EFBC}") = "C07_D02_ReadingText", "C07_D02_ReadingText\C07_D02_ReadingText.csproj", "{C2F52967-AD01-4D43-9648-FAF6807144BC}"
EndProject
Project("{FAE04EC0-301F-11D3-BF4B-00C04F79EFBC}") = "C07_D03_Listing_Files", "C07_D03_Listing_Files\C07_D03_Listing_Files.csproj", "{EF6D8EAF-D627-49C7-A641-ADADD21119A0}"
EndProject
Project("{FAE04EC0-301F-11D3-BF4B-00C04F79EFBC}") = "C07_D04_CopyFiles", "C07_D04_CopyFiles\C07_D04_CopyFiles.csproj", "{6586B76F-C268-4EAA-A7B0-C72E1CAED6F1}"
EndProject
Project("{FAE04EC0-301F-11D3-BF4B-00C04F79EFBC}") = "C07_D05_DeletingFilesAndDirectories", "C07_D05_DeletingFilesAndDirectories\C07_D05_DeletingFilesAndDirectories.csproj", "{9B8B5EC5-E7E6-47B9-A230-E9BDF5A51200}"
EndProject
Project("{FAE04EC0-301F-11D3-BF4B-00C04F79EFBC}") = "C04_D08_Time_P1", "C04_D08_Time_P1\C04_D08_Time_P1.csproj", "{DE22C351-9763-4655-ADBA-0D641B8564A3}"
EndProject
Project("{FAE04EC0-301F-11D3-BF4B-00C04F79EFBC}") = "C04_D08_Time_P2", "C04_D08_Time_P2\C04_D08_Time_P2.csproj", "{87042023-316D-44EC-84CD-C473720585A8}"
EndProject
Project("{FAE04EC0-301F-11D3-BF4B-00C04F79EFBC}") = "C04_D08_Time_P3", "C04_D08_Time_P3\C04_D08_Time_P3.csproj", "{0D74201A-343D-4DAF-9E63-6F8DB3730110}"
EndProject
Project("{FAE04EC0-301F-11D3-BF4B-00C04F79EFBC}") = "C04_D08_Time_P4", "C04_D08_Time_P4\C04_D08_Time_P4.csproj", "{D6F639BF-007A-4252-8923-49453E21F5DD}"
EndProject
Project("{FAE04EC0-301F-11D3-BF4B-00C04F79EFBC}") = "C04_D08_Time_P5", "C04_D08_Time_P5\C04_D08_Time_P5.csproj", "{EDA5E50D-703C-4D68-A026-322606D7F666}"
EndProject
Project("{FAE04EC0-301F-11D3-BF4B-00C04F79EFBC}") = "C04_D08_Time_P6", "C04_D08_Time_P6\C04_D08_Time_P6.csproj", "{62C6EF05-E0A4-4B4E-82F9-00A4ADFC9BA3}"
EndProject
Project("{FAE04EC0-301F-11D3-BF4B-00C04F79EFBC}") = "C04_L02S_AgeCalculator_P4", "C04_L02S_AgeCalculator_P4\C04_L02S_AgeCalculator_P4.csproj", "{80EEF570-D7DC-470F-8E76-6484AD59223A}"
EndProject
Project("{2150E333-8FDC-42A3-9474-1A3956D46DE8}") = "CXX - Unmanaged", "CXX - Unmanaged", "{2500E168-7A6A-4B6F-ABBC-EEDC5461522C}"
EndProject
Project("{2150E333-8FDC-42A3-9474-1A3956D46DE8}") = "CXX - Streams", "CXX - Streams", "{84CAFEC0-3B46-41DB-9ECD-B80D9573D1E3}"
EndProject
Project("{2150E333-8FDC-42A3-9474-1A3956D46DE8}") = "CXX - Network", "CXX - Network", "{3D27AA6A-514B-4574-8372-1A96F0FE8165}"
EndProject
Project("{2150E333-8FDC-42A3-9474-1A3956D46DE8}") = "CXX - Websites", "CXX - Websites", "{68B0D008-9797-4A1F-AF79-F0098C3CE93B}"
EndProject
Project("{2150E333-8FDC-42A3-9474-1A3956D46DE8}") = "CXX - Async", "CXX - Async", "{B565CCE2-45AE-4B88-AA3A-DAA294C79022}"
EndProject
Project("{FAE04EC0-301F-11D3-BF4B-00C04F79EFBC}") = "C13_D02_GenericMethod", "C13_D02_GenericMethod\C13_D02_GenericMethod.csproj", "{A7EF19D6-1662-4FBB-AECF-A7F9DD59E3F0}"
EndProject
Project("{FAE04EC0-301F-11D3-BF4B-00C04F79EFBC}") = "C13_D03_GenericMethod_Explicit", "C13_D03_GenericMethod_Explicit\C13_D03_GenericMethod_Explicit.csproj", "{BCD38C99-A3B2-4CF2-BDBE-915AEC37E20A}"
EndProject
Project("{FAE04EC0-301F-11D3-BF4B-00C04F79EFBC}") = "C13_D04_GenericMethod_MultipleArguments_P1", "C13_D04_GenericMethod_MultipleArguments_P1\C13_D04_GenericMethod_MultipleArguments_P1.csproj", "{4EEFAF65-69E4-4B8B-9CDC-2AC15539A719}"
EndProject
Project("{FAE04EC0-301F-11D3-BF4B-00C04F79EFBC}") = "C13_D04_GenericMethod_MultipleArguments_P2", "C13_D04_GenericMethod_MultipleArguments_P2\C13_D04_GenericMethod_MultipleArguments_P2.csproj", "{6803723B-AE19-4329-A153-85C88540F3A2}"
EndProject
Project("{FAE04EC0-301F-11D3-BF4B-00C04F79EFBC}") = "C13_D04_GenericMethod_MultipleArguments_P3", "C13_D04_GenericMethod_MultipleArguments_P3\C13_D04_GenericMethod_MultipleArguments_P3.csproj", "{384561F1-41C0-49B7-BE26-8D76F92008CE}"
EndProject
Project("{FAE04EC0-301F-11D3-BF4B-00C04F79EFBC}") = "C13_D05_GenericType_P1", "C13_D05_GenericType_P1\C13_D05_GenericType_P1.csproj", "{DC40069A-690F-4A53-A7BB-6E57A51736AC}"
EndProject
Project("{FAE04EC0-301F-11D3-BF4B-00C04F79EFBC}") = "C13_D05_GenericType_P2", "C13_D05_GenericType_P2\C13_D05_GenericType_P2.csproj", "{8B45AD6A-91CB-4B4A-8516-1AEDC8926C1F}"
EndProject
Project("{FAE04EC0-301F-11D3-BF4B-00C04F79EFBC}") = "C13_D05_GenericType_P0", "C13_D05_GenericType_P0\C13_D05_GenericType_P0.csproj", "{3325A0BC-266E-45B5-BBC5-7B6CA2B64623}"
EndProject
Project("{FAE04EC0-301F-11D3-BF4B-00C04F79EFBC}") = "C13_D05_GenericType_P5", "C13_D05_GenericType_P5\C13_D05_GenericType_P5.csproj", "{07086EC3-193C-4C8C-97BB-5CBFF3E19911}"
EndProject
Project("{FAE04EC0-301F-11D3-BF4B-00C04F79EFBC}") = "C13_D05_GenericType_P3", "C13_D05_GenericType_P3\C13_D05_GenericType_P3.csproj", "{85BF18B0-ACAA-4325-B80A-552E784EB461}"
EndProject
Project("{FAE04EC0-301F-11D3-BF4B-00C04F79EFBC}") = "C13_D05_GenericType_P4", "C13_D05_GenericType_P4\C13_D05_GenericType_P4.csproj", "{00F9B43C-177E-453E-8EAE-1AB2E81AD27B}"
EndProject
Project("{FAE04EC0-301F-11D3-BF4B-00C04F79EFBC}") = "C08_D07_Queue_vs_Stack", "C08_D07_Queue_vs_Stack\C08_D07_Queue_vs_Stack.csproj", "{FD686007-FF4D-4195-90DE-387B28E0B899}"
EndProject
Global
	GlobalSection(SolutionConfigurationPlatforms) = preSolution
		Debug|Any CPU = Debug|Any CPU
		Release|Any CPU = Release|Any CPU
	EndGlobalSection
	GlobalSection(ProjectConfigurationPlatforms) = postSolution
		{2C7281DB-6FE3-4994-87E4-7412392B81D1}.Debug|Any CPU.ActiveCfg = Debug|Any CPU
		{2C7281DB-6FE3-4994-87E4-7412392B81D1}.Debug|Any CPU.Build.0 = Debug|Any CPU
		{2C7281DB-6FE3-4994-87E4-7412392B81D1}.Release|Any CPU.ActiveCfg = Release|Any CPU
		{2C7281DB-6FE3-4994-87E4-7412392B81D1}.Release|Any CPU.Build.0 = Release|Any CPU
		{83D5B0F2-5528-4336-BA32-D627F96D68E4}.Debug|Any CPU.ActiveCfg = Debug|Any CPU
		{83D5B0F2-5528-4336-BA32-D627F96D68E4}.Debug|Any CPU.Build.0 = Debug|Any CPU
		{83D5B0F2-5528-4336-BA32-D627F96D68E4}.Release|Any CPU.ActiveCfg = Release|Any CPU
		{83D5B0F2-5528-4336-BA32-D627F96D68E4}.Release|Any CPU.Build.0 = Release|Any CPU
		{D2491531-B880-4422-908A-10EE45FA2838}.Debug|Any CPU.ActiveCfg = Debug|Any CPU
		{D2491531-B880-4422-908A-10EE45FA2838}.Debug|Any CPU.Build.0 = Debug|Any CPU
		{D2491531-B880-4422-908A-10EE45FA2838}.Release|Any CPU.ActiveCfg = Release|Any CPU
		{D2491531-B880-4422-908A-10EE45FA2838}.Release|Any CPU.Build.0 = Release|Any CPU
		{48543AFB-D2E3-4413-BBA0-CCE8AD64FC54}.Debug|Any CPU.ActiveCfg = Debug|Any CPU
		{48543AFB-D2E3-4413-BBA0-CCE8AD64FC54}.Debug|Any CPU.Build.0 = Debug|Any CPU
		{48543AFB-D2E3-4413-BBA0-CCE8AD64FC54}.Release|Any CPU.ActiveCfg = Release|Any CPU
		{48543AFB-D2E3-4413-BBA0-CCE8AD64FC54}.Release|Any CPU.Build.0 = Release|Any CPU
		{D120F6B9-0C16-4BD1-9EBB-75ACC099716D}.Debug|Any CPU.ActiveCfg = Debug|Any CPU
		{D120F6B9-0C16-4BD1-9EBB-75ACC099716D}.Debug|Any CPU.Build.0 = Debug|Any CPU
		{D120F6B9-0C16-4BD1-9EBB-75ACC099716D}.Release|Any CPU.ActiveCfg = Release|Any CPU
		{D120F6B9-0C16-4BD1-9EBB-75ACC099716D}.Release|Any CPU.Build.0 = Release|Any CPU
		{345C534F-2EB4-4DAA-BC73-A60FA092095D}.Debug|Any CPU.ActiveCfg = Debug|Any CPU
		{345C534F-2EB4-4DAA-BC73-A60FA092095D}.Debug|Any CPU.Build.0 = Debug|Any CPU
		{345C534F-2EB4-4DAA-BC73-A60FA092095D}.Release|Any CPU.ActiveCfg = Release|Any CPU
		{345C534F-2EB4-4DAA-BC73-A60FA092095D}.Release|Any CPU.Build.0 = Release|Any CPU
		{EE3CBD93-31B8-4014-AB70-8E83766D14D8}.Debug|Any CPU.ActiveCfg = Debug|Any CPU
		{EE3CBD93-31B8-4014-AB70-8E83766D14D8}.Debug|Any CPU.Build.0 = Debug|Any CPU
		{EE3CBD93-31B8-4014-AB70-8E83766D14D8}.Release|Any CPU.ActiveCfg = Release|Any CPU
		{EE3CBD93-31B8-4014-AB70-8E83766D14D8}.Release|Any CPU.Build.0 = Release|Any CPU
		{1394C3B1-6C48-49CC-B48C-8BAC813AB12F}.Debug|Any CPU.ActiveCfg = Debug|Any CPU
		{1394C3B1-6C48-49CC-B48C-8BAC813AB12F}.Debug|Any CPU.Build.0 = Debug|Any CPU
		{1394C3B1-6C48-49CC-B48C-8BAC813AB12F}.Release|Any CPU.ActiveCfg = Release|Any CPU
		{1394C3B1-6C48-49CC-B48C-8BAC813AB12F}.Release|Any CPU.Build.0 = Release|Any CPU
		{9813B7A5-A111-44C2-9440-A9077D4C71B6}.Debug|Any CPU.ActiveCfg = Debug|Any CPU
		{9813B7A5-A111-44C2-9440-A9077D4C71B6}.Debug|Any CPU.Build.0 = Debug|Any CPU
		{9813B7A5-A111-44C2-9440-A9077D4C71B6}.Release|Any CPU.ActiveCfg = Release|Any CPU
		{9813B7A5-A111-44C2-9440-A9077D4C71B6}.Release|Any CPU.Build.0 = Release|Any CPU
		{371D0D5C-13E4-4E19-92D8-32D383C48251}.Debug|Any CPU.ActiveCfg = Debug|Any CPU
		{371D0D5C-13E4-4E19-92D8-32D383C48251}.Debug|Any CPU.Build.0 = Debug|Any CPU
		{371D0D5C-13E4-4E19-92D8-32D383C48251}.Release|Any CPU.ActiveCfg = Release|Any CPU
		{371D0D5C-13E4-4E19-92D8-32D383C48251}.Release|Any CPU.Build.0 = Release|Any CPU
		{E5D7678D-0830-4ABE-87B3-FDED74BBC3D8}.Debug|Any CPU.ActiveCfg = Debug|Any CPU
		{E5D7678D-0830-4ABE-87B3-FDED74BBC3D8}.Debug|Any CPU.Build.0 = Debug|Any CPU
		{E5D7678D-0830-4ABE-87B3-FDED74BBC3D8}.Release|Any CPU.ActiveCfg = Release|Any CPU
		{E5D7678D-0830-4ABE-87B3-FDED74BBC3D8}.Release|Any CPU.Build.0 = Release|Any CPU
		{759F549B-8E56-495A-9683-53247590C2D2}.Debug|Any CPU.ActiveCfg = Debug|Any CPU
		{759F549B-8E56-495A-9683-53247590C2D2}.Debug|Any CPU.Build.0 = Debug|Any CPU
		{759F549B-8E56-495A-9683-53247590C2D2}.Release|Any CPU.ActiveCfg = Release|Any CPU
		{759F549B-8E56-495A-9683-53247590C2D2}.Release|Any CPU.Build.0 = Release|Any CPU
		{7AE40924-73C6-4EFB-BCF0-99136E6AD706}.Debug|Any CPU.ActiveCfg = Debug|Any CPU
		{7AE40924-73C6-4EFB-BCF0-99136E6AD706}.Debug|Any CPU.Build.0 = Debug|Any CPU
		{7AE40924-73C6-4EFB-BCF0-99136E6AD706}.Release|Any CPU.ActiveCfg = Release|Any CPU
		{7AE40924-73C6-4EFB-BCF0-99136E6AD706}.Release|Any CPU.Build.0 = Release|Any CPU
		{40D38179-ABD8-4E30-A3F1-F6DFCC095FB9}.Debug|Any CPU.ActiveCfg = Debug|Any CPU
		{40D38179-ABD8-4E30-A3F1-F6DFCC095FB9}.Debug|Any CPU.Build.0 = Debug|Any CPU
		{40D38179-ABD8-4E30-A3F1-F6DFCC095FB9}.Release|Any CPU.ActiveCfg = Release|Any CPU
		{40D38179-ABD8-4E30-A3F1-F6DFCC095FB9}.Release|Any CPU.Build.0 = Release|Any CPU
		{258553BC-6FAA-4153-92EA-9B7236092165}.Debug|Any CPU.ActiveCfg = Debug|Any CPU
		{258553BC-6FAA-4153-92EA-9B7236092165}.Debug|Any CPU.Build.0 = Debug|Any CPU
		{258553BC-6FAA-4153-92EA-9B7236092165}.Release|Any CPU.ActiveCfg = Release|Any CPU
		{258553BC-6FAA-4153-92EA-9B7236092165}.Release|Any CPU.Build.0 = Release|Any CPU
		{36518933-8718-4141-8246-AFD8BA7D3945}.Debug|Any CPU.ActiveCfg = Debug|Any CPU
		{36518933-8718-4141-8246-AFD8BA7D3945}.Debug|Any CPU.Build.0 = Debug|Any CPU
		{36518933-8718-4141-8246-AFD8BA7D3945}.Release|Any CPU.ActiveCfg = Release|Any CPU
		{36518933-8718-4141-8246-AFD8BA7D3945}.Release|Any CPU.Build.0 = Release|Any CPU
		{A44A7B4F-4346-4079-B288-A48602DD4B12}.Debug|Any CPU.ActiveCfg = Debug|Any CPU
		{A44A7B4F-4346-4079-B288-A48602DD4B12}.Debug|Any CPU.Build.0 = Debug|Any CPU
		{A44A7B4F-4346-4079-B288-A48602DD4B12}.Release|Any CPU.ActiveCfg = Release|Any CPU
		{A44A7B4F-4346-4079-B288-A48602DD4B12}.Release|Any CPU.Build.0 = Release|Any CPU
		{F49023FD-2036-4DB9-9AD5-41B1D8CA7456}.Debug|Any CPU.ActiveCfg = Debug|Any CPU
		{F49023FD-2036-4DB9-9AD5-41B1D8CA7456}.Debug|Any CPU.Build.0 = Debug|Any CPU
		{F49023FD-2036-4DB9-9AD5-41B1D8CA7456}.Release|Any CPU.ActiveCfg = Release|Any CPU
		{F49023FD-2036-4DB9-9AD5-41B1D8CA7456}.Release|Any CPU.Build.0 = Release|Any CPU
		{9C22AC74-D496-4D0E-9911-B26BAEDD69B0}.Debug|Any CPU.ActiveCfg = Debug|Any CPU
		{9C22AC74-D496-4D0E-9911-B26BAEDD69B0}.Debug|Any CPU.Build.0 = Debug|Any CPU
		{9C22AC74-D496-4D0E-9911-B26BAEDD69B0}.Release|Any CPU.ActiveCfg = Release|Any CPU
		{9C22AC74-D496-4D0E-9911-B26BAEDD69B0}.Release|Any CPU.Build.0 = Release|Any CPU
		{7F3E220B-82BF-4708-99DE-80C52148F865}.Debug|Any CPU.ActiveCfg = Debug|Any CPU
		{7F3E220B-82BF-4708-99DE-80C52148F865}.Debug|Any CPU.Build.0 = Debug|Any CPU
		{7F3E220B-82BF-4708-99DE-80C52148F865}.Release|Any CPU.ActiveCfg = Release|Any CPU
		{7F3E220B-82BF-4708-99DE-80C52148F865}.Release|Any CPU.Build.0 = Release|Any CPU
		{810D89C5-64C0-4F84-BA4D-673D0DF17E27}.Debug|Any CPU.ActiveCfg = Debug|Any CPU
		{810D89C5-64C0-4F84-BA4D-673D0DF17E27}.Debug|Any CPU.Build.0 = Debug|Any CPU
		{810D89C5-64C0-4F84-BA4D-673D0DF17E27}.Release|Any CPU.ActiveCfg = Release|Any CPU
		{810D89C5-64C0-4F84-BA4D-673D0DF17E27}.Release|Any CPU.Build.0 = Release|Any CPU
		{83C1C05A-F41B-4330-8EFB-7726E9CA0E7E}.Debug|Any CPU.ActiveCfg = Debug|Any CPU
		{83C1C05A-F41B-4330-8EFB-7726E9CA0E7E}.Debug|Any CPU.Build.0 = Debug|Any CPU
		{83C1C05A-F41B-4330-8EFB-7726E9CA0E7E}.Release|Any CPU.ActiveCfg = Release|Any CPU
		{83C1C05A-F41B-4330-8EFB-7726E9CA0E7E}.Release|Any CPU.Build.0 = Release|Any CPU
		{CD70EB35-FC35-4942-B3F9-67E03412BCCC}.Debug|Any CPU.ActiveCfg = Debug|Any CPU
		{CD70EB35-FC35-4942-B3F9-67E03412BCCC}.Debug|Any CPU.Build.0 = Debug|Any CPU
		{CD70EB35-FC35-4942-B3F9-67E03412BCCC}.Release|Any CPU.ActiveCfg = Release|Any CPU
		{CD70EB35-FC35-4942-B3F9-67E03412BCCC}.Release|Any CPU.Build.0 = Release|Any CPU
		{DBAFF968-DDC5-4223-ABDF-199D7DF9B8B5}.Debug|Any CPU.ActiveCfg = Debug|Any CPU
		{DBAFF968-DDC5-4223-ABDF-199D7DF9B8B5}.Debug|Any CPU.Build.0 = Debug|Any CPU
		{DBAFF968-DDC5-4223-ABDF-199D7DF9B8B5}.Release|Any CPU.ActiveCfg = Release|Any CPU
		{DBAFF968-DDC5-4223-ABDF-199D7DF9B8B5}.Release|Any CPU.Build.0 = Release|Any CPU
		{611F7026-5D21-4685-AB2F-4D6AC261E84E}.Debug|Any CPU.ActiveCfg = Debug|Any CPU
		{611F7026-5D21-4685-AB2F-4D6AC261E84E}.Debug|Any CPU.Build.0 = Debug|Any CPU
		{611F7026-5D21-4685-AB2F-4D6AC261E84E}.Release|Any CPU.ActiveCfg = Release|Any CPU
		{611F7026-5D21-4685-AB2F-4D6AC261E84E}.Release|Any CPU.Build.0 = Release|Any CPU
		{4663032E-667E-4D60-A215-D2D45972964B}.Debug|Any CPU.ActiveCfg = Debug|Any CPU
		{4663032E-667E-4D60-A215-D2D45972964B}.Debug|Any CPU.Build.0 = Debug|Any CPU
		{4663032E-667E-4D60-A215-D2D45972964B}.Release|Any CPU.ActiveCfg = Release|Any CPU
		{4663032E-667E-4D60-A215-D2D45972964B}.Release|Any CPU.Build.0 = Release|Any CPU
		{7910657D-3C02-4691-8879-F8A18F06E084}.Debug|Any CPU.ActiveCfg = Debug|Any CPU
		{7910657D-3C02-4691-8879-F8A18F06E084}.Debug|Any CPU.Build.0 = Debug|Any CPU
		{7910657D-3C02-4691-8879-F8A18F06E084}.Release|Any CPU.ActiveCfg = Release|Any CPU
		{7910657D-3C02-4691-8879-F8A18F06E084}.Release|Any CPU.Build.0 = Release|Any CPU
		{1DBD99E9-E7EA-4287-95DF-C230D37A97CC}.Debug|Any CPU.ActiveCfg = Debug|Any CPU
		{1DBD99E9-E7EA-4287-95DF-C230D37A97CC}.Debug|Any CPU.Build.0 = Debug|Any CPU
		{1DBD99E9-E7EA-4287-95DF-C230D37A97CC}.Release|Any CPU.ActiveCfg = Release|Any CPU
		{1DBD99E9-E7EA-4287-95DF-C230D37A97CC}.Release|Any CPU.Build.0 = Release|Any CPU
		{52D4A8A2-52DC-4127-8851-A63B3601A42A}.Debug|Any CPU.ActiveCfg = Debug|Any CPU
		{52D4A8A2-52DC-4127-8851-A63B3601A42A}.Debug|Any CPU.Build.0 = Debug|Any CPU
		{52D4A8A2-52DC-4127-8851-A63B3601A42A}.Release|Any CPU.ActiveCfg = Release|Any CPU
		{52D4A8A2-52DC-4127-8851-A63B3601A42A}.Release|Any CPU.Build.0 = Release|Any CPU
		{083B763B-D8A1-42EC-A9B0-95085B66BB48}.Debug|Any CPU.ActiveCfg = Debug|Any CPU
		{083B763B-D8A1-42EC-A9B0-95085B66BB48}.Debug|Any CPU.Build.0 = Debug|Any CPU
		{083B763B-D8A1-42EC-A9B0-95085B66BB48}.Release|Any CPU.ActiveCfg = Release|Any CPU
		{083B763B-D8A1-42EC-A9B0-95085B66BB48}.Release|Any CPU.Build.0 = Release|Any CPU
		{F08F52C5-8F07-476C-9780-F49371F70215}.Debug|Any CPU.ActiveCfg = Debug|Any CPU
		{F08F52C5-8F07-476C-9780-F49371F70215}.Debug|Any CPU.Build.0 = Debug|Any CPU
		{F08F52C5-8F07-476C-9780-F49371F70215}.Release|Any CPU.ActiveCfg = Release|Any CPU
		{F08F52C5-8F07-476C-9780-F49371F70215}.Release|Any CPU.Build.0 = Release|Any CPU
		{54B6183B-63C6-4962-9833-FF551B6A42BC}.Debug|Any CPU.ActiveCfg = Debug|Any CPU
		{54B6183B-63C6-4962-9833-FF551B6A42BC}.Debug|Any CPU.Build.0 = Debug|Any CPU
		{54B6183B-63C6-4962-9833-FF551B6A42BC}.Release|Any CPU.ActiveCfg = Release|Any CPU
		{54B6183B-63C6-4962-9833-FF551B6A42BC}.Release|Any CPU.Build.0 = Release|Any CPU
		{2EAC3191-0279-4E79-8217-42F8B22C9105}.Debug|Any CPU.ActiveCfg = Debug|Any CPU
		{2EAC3191-0279-4E79-8217-42F8B22C9105}.Debug|Any CPU.Build.0 = Debug|Any CPU
		{2EAC3191-0279-4E79-8217-42F8B22C9105}.Release|Any CPU.ActiveCfg = Release|Any CPU
		{2EAC3191-0279-4E79-8217-42F8B22C9105}.Release|Any CPU.Build.0 = Release|Any CPU
		{DA6CF860-FDE7-4CB3-BE59-F4F95DE9A145}.Debug|Any CPU.ActiveCfg = Debug|Any CPU
		{DA6CF860-FDE7-4CB3-BE59-F4F95DE9A145}.Debug|Any CPU.Build.0 = Debug|Any CPU
		{DA6CF860-FDE7-4CB3-BE59-F4F95DE9A145}.Release|Any CPU.ActiveCfg = Release|Any CPU
		{DA6CF860-FDE7-4CB3-BE59-F4F95DE9A145}.Release|Any CPU.Build.0 = Release|Any CPU
		{8D627065-2C27-4940-84AF-D18F818DD205}.Debug|Any CPU.ActiveCfg = Debug|Any CPU
		{8D627065-2C27-4940-84AF-D18F818DD205}.Debug|Any CPU.Build.0 = Debug|Any CPU
		{8D627065-2C27-4940-84AF-D18F818DD205}.Release|Any CPU.ActiveCfg = Release|Any CPU
		{8D627065-2C27-4940-84AF-D18F818DD205}.Release|Any CPU.Build.0 = Release|Any CPU
		{515AAB84-7839-4689-ABDC-9DF1522A1FA3}.Debug|Any CPU.ActiveCfg = Debug|Any CPU
		{515AAB84-7839-4689-ABDC-9DF1522A1FA3}.Debug|Any CPU.Build.0 = Debug|Any CPU
		{515AAB84-7839-4689-ABDC-9DF1522A1FA3}.Release|Any CPU.ActiveCfg = Release|Any CPU
		{515AAB84-7839-4689-ABDC-9DF1522A1FA3}.Release|Any CPU.Build.0 = Release|Any CPU
		{6FF9F7CF-B909-4893-8238-2FD6AD72B5A7}.Debug|Any CPU.ActiveCfg = Debug|Any CPU
		{6FF9F7CF-B909-4893-8238-2FD6AD72B5A7}.Debug|Any CPU.Build.0 = Debug|Any CPU
		{6FF9F7CF-B909-4893-8238-2FD6AD72B5A7}.Release|Any CPU.ActiveCfg = Release|Any CPU
		{6FF9F7CF-B909-4893-8238-2FD6AD72B5A7}.Release|Any CPU.Build.0 = Release|Any CPU
		{5FC450F1-7226-4DF2-A964-A0C1DCFB71AC}.Debug|Any CPU.ActiveCfg = Debug|Any CPU
		{5FC450F1-7226-4DF2-A964-A0C1DCFB71AC}.Debug|Any CPU.Build.0 = Debug|Any CPU
		{5FC450F1-7226-4DF2-A964-A0C1DCFB71AC}.Release|Any CPU.ActiveCfg = Release|Any CPU
		{5FC450F1-7226-4DF2-A964-A0C1DCFB71AC}.Release|Any CPU.Build.0 = Release|Any CPU
		{0B71DE91-7DB5-483E-9A63-3BB3F970C63C}.Debug|Any CPU.ActiveCfg = Debug|Any CPU
		{0B71DE91-7DB5-483E-9A63-3BB3F970C63C}.Debug|Any CPU.Build.0 = Debug|Any CPU
		{0B71DE91-7DB5-483E-9A63-3BB3F970C63C}.Release|Any CPU.ActiveCfg = Release|Any CPU
		{0B71DE91-7DB5-483E-9A63-3BB3F970C63C}.Release|Any CPU.Build.0 = Release|Any CPU
		{1AA68AB4-1E8B-40EC-8D85-7D2FCF04B911}.Debug|Any CPU.ActiveCfg = Debug|Any CPU
		{1AA68AB4-1E8B-40EC-8D85-7D2FCF04B911}.Debug|Any CPU.Build.0 = Debug|Any CPU
		{1AA68AB4-1E8B-40EC-8D85-7D2FCF04B911}.Release|Any CPU.ActiveCfg = Release|Any CPU
		{1AA68AB4-1E8B-40EC-8D85-7D2FCF04B911}.Release|Any CPU.Build.0 = Release|Any CPU
		{2D808ADC-6A6F-4F4A-AAB8-A3C79EF6947C}.Debug|Any CPU.ActiveCfg = Debug|Any CPU
		{2D808ADC-6A6F-4F4A-AAB8-A3C79EF6947C}.Debug|Any CPU.Build.0 = Debug|Any CPU
		{2D808ADC-6A6F-4F4A-AAB8-A3C79EF6947C}.Release|Any CPU.ActiveCfg = Release|Any CPU
		{2D808ADC-6A6F-4F4A-AAB8-A3C79EF6947C}.Release|Any CPU.Build.0 = Release|Any CPU
		{14D8D5AE-2A12-4068-9807-50F135E27F99}.Debug|Any CPU.ActiveCfg = Debug|Any CPU
		{14D8D5AE-2A12-4068-9807-50F135E27F99}.Debug|Any CPU.Build.0 = Debug|Any CPU
		{14D8D5AE-2A12-4068-9807-50F135E27F99}.Release|Any CPU.ActiveCfg = Release|Any CPU
		{14D8D5AE-2A12-4068-9807-50F135E27F99}.Release|Any CPU.Build.0 = Release|Any CPU
		{F0270219-5D1D-41EC-B781-245D9844F4D3}.Debug|Any CPU.ActiveCfg = Debug|Any CPU
		{F0270219-5D1D-41EC-B781-245D9844F4D3}.Debug|Any CPU.Build.0 = Debug|Any CPU
		{F0270219-5D1D-41EC-B781-245D9844F4D3}.Release|Any CPU.ActiveCfg = Release|Any CPU
		{F0270219-5D1D-41EC-B781-245D9844F4D3}.Release|Any CPU.Build.0 = Release|Any CPU
		{1EE0B8CA-D9EC-419B-8FBB-49A8F2590271}.Debug|Any CPU.ActiveCfg = Debug|Any CPU
		{1EE0B8CA-D9EC-419B-8FBB-49A8F2590271}.Debug|Any CPU.Build.0 = Debug|Any CPU
		{1EE0B8CA-D9EC-419B-8FBB-49A8F2590271}.Release|Any CPU.ActiveCfg = Release|Any CPU
		{1EE0B8CA-D9EC-419B-8FBB-49A8F2590271}.Release|Any CPU.Build.0 = Release|Any CPU
		{DF6FA05E-101C-4785-875E-8B8C5BC78A6A}.Debug|Any CPU.ActiveCfg = Debug|Any CPU
		{DF6FA05E-101C-4785-875E-8B8C5BC78A6A}.Debug|Any CPU.Build.0 = Debug|Any CPU
		{DF6FA05E-101C-4785-875E-8B8C5BC78A6A}.Release|Any CPU.ActiveCfg = Release|Any CPU
		{DF6FA05E-101C-4785-875E-8B8C5BC78A6A}.Release|Any CPU.Build.0 = Release|Any CPU
		{1A7DF6B8-96EC-4C99-9F44-5902EFD0F6E5}.Debug|Any CPU.ActiveCfg = Debug|Any CPU
		{1A7DF6B8-96EC-4C99-9F44-5902EFD0F6E5}.Debug|Any CPU.Build.0 = Debug|Any CPU
		{1A7DF6B8-96EC-4C99-9F44-5902EFD0F6E5}.Release|Any CPU.ActiveCfg = Release|Any CPU
		{1A7DF6B8-96EC-4C99-9F44-5902EFD0F6E5}.Release|Any CPU.Build.0 = Release|Any CPU
		{9CB79FC4-2900-4DFA-BCD3-0C40CED9FE5A}.Debug|Any CPU.ActiveCfg = Debug|Any CPU
		{9CB79FC4-2900-4DFA-BCD3-0C40CED9FE5A}.Debug|Any CPU.Build.0 = Debug|Any CPU
		{9CB79FC4-2900-4DFA-BCD3-0C40CED9FE5A}.Release|Any CPU.ActiveCfg = Release|Any CPU
		{9CB79FC4-2900-4DFA-BCD3-0C40CED9FE5A}.Release|Any CPU.Build.0 = Release|Any CPU
		{3F357875-FDE7-4253-B072-DE5B1A418D7B}.Debug|Any CPU.ActiveCfg = Debug|Any CPU
		{3F357875-FDE7-4253-B072-DE5B1A418D7B}.Debug|Any CPU.Build.0 = Debug|Any CPU
		{3F357875-FDE7-4253-B072-DE5B1A418D7B}.Release|Any CPU.ActiveCfg = Release|Any CPU
		{3F357875-FDE7-4253-B072-DE5B1A418D7B}.Release|Any CPU.Build.0 = Release|Any CPU
		{EC68134D-5099-4DAC-AC35-CACC2DEBE73C}.Debug|Any CPU.ActiveCfg = Debug|Any CPU
		{EC68134D-5099-4DAC-AC35-CACC2DEBE73C}.Debug|Any CPU.Build.0 = Debug|Any CPU
		{EC68134D-5099-4DAC-AC35-CACC2DEBE73C}.Release|Any CPU.ActiveCfg = Release|Any CPU
		{EC68134D-5099-4DAC-AC35-CACC2DEBE73C}.Release|Any CPU.Build.0 = Release|Any CPU
		{E833164C-BE6B-4786-A4D1-FDA5A3751B45}.Debug|Any CPU.ActiveCfg = Debug|Any CPU
		{E833164C-BE6B-4786-A4D1-FDA5A3751B45}.Debug|Any CPU.Build.0 = Debug|Any CPU
		{E833164C-BE6B-4786-A4D1-FDA5A3751B45}.Release|Any CPU.ActiveCfg = Release|Any CPU
		{E833164C-BE6B-4786-A4D1-FDA5A3751B45}.Release|Any CPU.Build.0 = Release|Any CPU
		{836B498D-E535-455E-A456-BD9A65652560}.Debug|Any CPU.ActiveCfg = Debug|Any CPU
		{836B498D-E535-455E-A456-BD9A65652560}.Debug|Any CPU.Build.0 = Debug|Any CPU
		{836B498D-E535-455E-A456-BD9A65652560}.Release|Any CPU.ActiveCfg = Release|Any CPU
		{836B498D-E535-455E-A456-BD9A65652560}.Release|Any CPU.Build.0 = Release|Any CPU
		{1FF86910-BAE0-450C-B717-5A1BBD85B48A}.Debug|Any CPU.ActiveCfg = Debug|Any CPU
		{1FF86910-BAE0-450C-B717-5A1BBD85B48A}.Debug|Any CPU.Build.0 = Debug|Any CPU
		{1FF86910-BAE0-450C-B717-5A1BBD85B48A}.Release|Any CPU.ActiveCfg = Release|Any CPU
		{1FF86910-BAE0-450C-B717-5A1BBD85B48A}.Release|Any CPU.Build.0 = Release|Any CPU
		{E411FA17-120E-4A55-AFFD-647D4FD42CA2}.Debug|Any CPU.ActiveCfg = Debug|Any CPU
		{E411FA17-120E-4A55-AFFD-647D4FD42CA2}.Debug|Any CPU.Build.0 = Debug|Any CPU
		{E411FA17-120E-4A55-AFFD-647D4FD42CA2}.Release|Any CPU.ActiveCfg = Release|Any CPU
		{E411FA17-120E-4A55-AFFD-647D4FD42CA2}.Release|Any CPU.Build.0 = Release|Any CPU
		{D38F63DD-F25F-4729-84AE-40C9CF0CD7A9}.Debug|Any CPU.ActiveCfg = Debug|Any CPU
		{D38F63DD-F25F-4729-84AE-40C9CF0CD7A9}.Debug|Any CPU.Build.0 = Debug|Any CPU
		{D38F63DD-F25F-4729-84AE-40C9CF0CD7A9}.Release|Any CPU.ActiveCfg = Release|Any CPU
		{D38F63DD-F25F-4729-84AE-40C9CF0CD7A9}.Release|Any CPU.Build.0 = Release|Any CPU
		{9186BA14-8CE7-4094-86D9-D1304E05292B}.Debug|Any CPU.ActiveCfg = Debug|Any CPU
		{9186BA14-8CE7-4094-86D9-D1304E05292B}.Debug|Any CPU.Build.0 = Debug|Any CPU
		{9186BA14-8CE7-4094-86D9-D1304E05292B}.Release|Any CPU.ActiveCfg = Release|Any CPU
		{9186BA14-8CE7-4094-86D9-D1304E05292B}.Release|Any CPU.Build.0 = Release|Any CPU
		{01325953-C966-48DA-A42B-E36C45CD1219}.Debug|Any CPU.ActiveCfg = Debug|Any CPU
		{01325953-C966-48DA-A42B-E36C45CD1219}.Debug|Any CPU.Build.0 = Debug|Any CPU
		{01325953-C966-48DA-A42B-E36C45CD1219}.Release|Any CPU.ActiveCfg = Release|Any CPU
		{01325953-C966-48DA-A42B-E36C45CD1219}.Release|Any CPU.Build.0 = Release|Any CPU
		{D7A7434A-7C58-4529-892D-D2CA9E123713}.Debug|Any CPU.ActiveCfg = Debug|Any CPU
		{D7A7434A-7C58-4529-892D-D2CA9E123713}.Debug|Any CPU.Build.0 = Debug|Any CPU
		{D7A7434A-7C58-4529-892D-D2CA9E123713}.Release|Any CPU.ActiveCfg = Release|Any CPU
		{D7A7434A-7C58-4529-892D-D2CA9E123713}.Release|Any CPU.Build.0 = Release|Any CPU
		{254C206F-AC63-410E-94E4-E9D9EB2FF428}.Debug|Any CPU.ActiveCfg = Debug|Any CPU
		{254C206F-AC63-410E-94E4-E9D9EB2FF428}.Debug|Any CPU.Build.0 = Debug|Any CPU
		{254C206F-AC63-410E-94E4-E9D9EB2FF428}.Release|Any CPU.ActiveCfg = Release|Any CPU
		{254C206F-AC63-410E-94E4-E9D9EB2FF428}.Release|Any CPU.Build.0 = Release|Any CPU
		{69CFC252-6994-4B93-A22C-04BBF768D88A}.Debug|Any CPU.ActiveCfg = Debug|Any CPU
		{69CFC252-6994-4B93-A22C-04BBF768D88A}.Debug|Any CPU.Build.0 = Debug|Any CPU
		{69CFC252-6994-4B93-A22C-04BBF768D88A}.Release|Any CPU.ActiveCfg = Release|Any CPU
		{69CFC252-6994-4B93-A22C-04BBF768D88A}.Release|Any CPU.Build.0 = Release|Any CPU
		{308796A6-C92F-42C4-B2A9-C90D6223594A}.Debug|Any CPU.ActiveCfg = Debug|Any CPU
		{308796A6-C92F-42C4-B2A9-C90D6223594A}.Debug|Any CPU.Build.0 = Debug|Any CPU
		{308796A6-C92F-42C4-B2A9-C90D6223594A}.Release|Any CPU.ActiveCfg = Release|Any CPU
		{308796A6-C92F-42C4-B2A9-C90D6223594A}.Release|Any CPU.Build.0 = Release|Any CPU
		{4DF4EB1F-10BE-4C91-8E72-13354640A96C}.Debug|Any CPU.ActiveCfg = Debug|Any CPU
		{4DF4EB1F-10BE-4C91-8E72-13354640A96C}.Debug|Any CPU.Build.0 = Debug|Any CPU
		{4DF4EB1F-10BE-4C91-8E72-13354640A96C}.Release|Any CPU.ActiveCfg = Release|Any CPU
		{4DF4EB1F-10BE-4C91-8E72-13354640A96C}.Release|Any CPU.Build.0 = Release|Any CPU
		{2D378FB5-46C5-487E-8D8A-831A9B5BB051}.Debug|Any CPU.ActiveCfg = Debug|Any CPU
		{2D378FB5-46C5-487E-8D8A-831A9B5BB051}.Debug|Any CPU.Build.0 = Debug|Any CPU
		{2D378FB5-46C5-487E-8D8A-831A9B5BB051}.Release|Any CPU.ActiveCfg = Release|Any CPU
		{2D378FB5-46C5-487E-8D8A-831A9B5BB051}.Release|Any CPU.Build.0 = Release|Any CPU
		{3AF5BCD7-926C-4FAE-A8A7-F305C242FD4A}.Debug|Any CPU.ActiveCfg = Debug|Any CPU
		{3AF5BCD7-926C-4FAE-A8A7-F305C242FD4A}.Debug|Any CPU.Build.0 = Debug|Any CPU
		{3AF5BCD7-926C-4FAE-A8A7-F305C242FD4A}.Release|Any CPU.ActiveCfg = Release|Any CPU
		{3AF5BCD7-926C-4FAE-A8A7-F305C242FD4A}.Release|Any CPU.Build.0 = Release|Any CPU
		{04CBA452-66EC-499A-BCA0-C09677134069}.Debug|Any CPU.ActiveCfg = Debug|Any CPU
		{04CBA452-66EC-499A-BCA0-C09677134069}.Debug|Any CPU.Build.0 = Debug|Any CPU
		{04CBA452-66EC-499A-BCA0-C09677134069}.Release|Any CPU.ActiveCfg = Release|Any CPU
		{04CBA452-66EC-499A-BCA0-C09677134069}.Release|Any CPU.Build.0 = Release|Any CPU
		{73F5080D-833F-4D33-868A-F6DA9390986C}.Debug|Any CPU.ActiveCfg = Debug|Any CPU
		{73F5080D-833F-4D33-868A-F6DA9390986C}.Debug|Any CPU.Build.0 = Debug|Any CPU
		{73F5080D-833F-4D33-868A-F6DA9390986C}.Release|Any CPU.ActiveCfg = Release|Any CPU
		{73F5080D-833F-4D33-868A-F6DA9390986C}.Release|Any CPU.Build.0 = Release|Any CPU
		{90B187AF-0EF5-4CE5-9E07-35DB41E86A0E}.Debug|Any CPU.ActiveCfg = Debug|Any CPU
		{90B187AF-0EF5-4CE5-9E07-35DB41E86A0E}.Debug|Any CPU.Build.0 = Debug|Any CPU
		{90B187AF-0EF5-4CE5-9E07-35DB41E86A0E}.Release|Any CPU.ActiveCfg = Release|Any CPU
		{90B187AF-0EF5-4CE5-9E07-35DB41E86A0E}.Release|Any CPU.Build.0 = Release|Any CPU
		{5B476200-0138-4C98-BBEE-DD5ADA19D3EF}.Debug|Any CPU.ActiveCfg = Debug|Any CPU
		{5B476200-0138-4C98-BBEE-DD5ADA19D3EF}.Debug|Any CPU.Build.0 = Debug|Any CPU
		{5B476200-0138-4C98-BBEE-DD5ADA19D3EF}.Release|Any CPU.ActiveCfg = Release|Any CPU
		{5B476200-0138-4C98-BBEE-DD5ADA19D3EF}.Release|Any CPU.Build.0 = Release|Any CPU
		{A89D41C7-0E73-4DE8-913B-97DE0DDB7871}.Debug|Any CPU.ActiveCfg = Debug|Any CPU
		{A89D41C7-0E73-4DE8-913B-97DE0DDB7871}.Debug|Any CPU.Build.0 = Debug|Any CPU
		{A89D41C7-0E73-4DE8-913B-97DE0DDB7871}.Release|Any CPU.ActiveCfg = Release|Any CPU
		{A89D41C7-0E73-4DE8-913B-97DE0DDB7871}.Release|Any CPU.Build.0 = Release|Any CPU
		{1AC04EA3-DD75-44B8-BFAE-81002852A3F9}.Debug|Any CPU.ActiveCfg = Debug|Any CPU
		{1AC04EA3-DD75-44B8-BFAE-81002852A3F9}.Debug|Any CPU.Build.0 = Debug|Any CPU
		{1AC04EA3-DD75-44B8-BFAE-81002852A3F9}.Release|Any CPU.ActiveCfg = Release|Any CPU
		{1AC04EA3-DD75-44B8-BFAE-81002852A3F9}.Release|Any CPU.Build.0 = Release|Any CPU
		{E0434478-24A7-4B99-924C-52B6858B3B16}.Debug|Any CPU.ActiveCfg = Debug|Any CPU
		{E0434478-24A7-4B99-924C-52B6858B3B16}.Debug|Any CPU.Build.0 = Debug|Any CPU
		{E0434478-24A7-4B99-924C-52B6858B3B16}.Release|Any CPU.ActiveCfg = Release|Any CPU
		{E0434478-24A7-4B99-924C-52B6858B3B16}.Release|Any CPU.Build.0 = Release|Any CPU
		{8A66FACC-48BA-4964-B394-782B919A4837}.Debug|Any CPU.ActiveCfg = Debug|Any CPU
		{8A66FACC-48BA-4964-B394-782B919A4837}.Debug|Any CPU.Build.0 = Debug|Any CPU
		{8A66FACC-48BA-4964-B394-782B919A4837}.Release|Any CPU.ActiveCfg = Release|Any CPU
		{8A66FACC-48BA-4964-B394-782B919A4837}.Release|Any CPU.Build.0 = Release|Any CPU
		{6826B0A0-6A95-4B50-B684-E7B76F83BCA6}.Debug|Any CPU.ActiveCfg = Debug|Any CPU
		{6826B0A0-6A95-4B50-B684-E7B76F83BCA6}.Debug|Any CPU.Build.0 = Debug|Any CPU
		{6826B0A0-6A95-4B50-B684-E7B76F83BCA6}.Release|Any CPU.ActiveCfg = Release|Any CPU
		{6826B0A0-6A95-4B50-B684-E7B76F83BCA6}.Release|Any CPU.Build.0 = Release|Any CPU
		{84B1CF52-8384-4947-95B6-510411B34F38}.Debug|Any CPU.ActiveCfg = Debug|Any CPU
		{84B1CF52-8384-4947-95B6-510411B34F38}.Debug|Any CPU.Build.0 = Debug|Any CPU
		{84B1CF52-8384-4947-95B6-510411B34F38}.Release|Any CPU.ActiveCfg = Release|Any CPU
		{84B1CF52-8384-4947-95B6-510411B34F38}.Release|Any CPU.Build.0 = Release|Any CPU
		{BD99D2FF-6341-430C-8945-5FD36F338A0B}.Debug|Any CPU.ActiveCfg = Debug|Any CPU
		{BD99D2FF-6341-430C-8945-5FD36F338A0B}.Debug|Any CPU.Build.0 = Debug|Any CPU
		{BD99D2FF-6341-430C-8945-5FD36F338A0B}.Release|Any CPU.ActiveCfg = Release|Any CPU
		{BD99D2FF-6341-430C-8945-5FD36F338A0B}.Release|Any CPU.Build.0 = Release|Any CPU
		{520D7CDB-E96E-4528-A3E2-B52B746B5F6D}.Debug|Any CPU.ActiveCfg = Debug|Any CPU
		{520D7CDB-E96E-4528-A3E2-B52B746B5F6D}.Debug|Any CPU.Build.0 = Debug|Any CPU
		{520D7CDB-E96E-4528-A3E2-B52B746B5F6D}.Release|Any CPU.ActiveCfg = Release|Any CPU
		{520D7CDB-E96E-4528-A3E2-B52B746B5F6D}.Release|Any CPU.Build.0 = Release|Any CPU
		{363BA3C3-C5F7-465C-B1FA-A2C764EDC549}.Debug|Any CPU.ActiveCfg = Debug|Any CPU
		{363BA3C3-C5F7-465C-B1FA-A2C764EDC549}.Debug|Any CPU.Build.0 = Debug|Any CPU
		{363BA3C3-C5F7-465C-B1FA-A2C764EDC549}.Release|Any CPU.ActiveCfg = Release|Any CPU
		{363BA3C3-C5F7-465C-B1FA-A2C764EDC549}.Release|Any CPU.Build.0 = Release|Any CPU
		{079D4AE8-E773-4659-B033-95EDD5167AD2}.Debug|Any CPU.ActiveCfg = Debug|Any CPU
		{079D4AE8-E773-4659-B033-95EDD5167AD2}.Debug|Any CPU.Build.0 = Debug|Any CPU
		{079D4AE8-E773-4659-B033-95EDD5167AD2}.Release|Any CPU.ActiveCfg = Release|Any CPU
		{079D4AE8-E773-4659-B033-95EDD5167AD2}.Release|Any CPU.Build.0 = Release|Any CPU
		{8724B88F-A435-4EEC-9859-5B2EFD5EE276}.Debug|Any CPU.ActiveCfg = Debug|Any CPU
		{8724B88F-A435-4EEC-9859-5B2EFD5EE276}.Debug|Any CPU.Build.0 = Debug|Any CPU
		{8724B88F-A435-4EEC-9859-5B2EFD5EE276}.Release|Any CPU.ActiveCfg = Release|Any CPU
		{8724B88F-A435-4EEC-9859-5B2EFD5EE276}.Release|Any CPU.Build.0 = Release|Any CPU
		{0795A715-6430-4269-870D-27B93EA9F291}.Debug|Any CPU.ActiveCfg = Debug|Any CPU
		{0795A715-6430-4269-870D-27B93EA9F291}.Debug|Any CPU.Build.0 = Debug|Any CPU
		{0795A715-6430-4269-870D-27B93EA9F291}.Release|Any CPU.ActiveCfg = Release|Any CPU
		{0795A715-6430-4269-870D-27B93EA9F291}.Release|Any CPU.Build.0 = Release|Any CPU
		{03FB498E-DF28-4494-AADC-F50BFEE7DBFE}.Debug|Any CPU.ActiveCfg = Debug|Any CPU
		{03FB498E-DF28-4494-AADC-F50BFEE7DBFE}.Debug|Any CPU.Build.0 = Debug|Any CPU
		{03FB498E-DF28-4494-AADC-F50BFEE7DBFE}.Release|Any CPU.ActiveCfg = Release|Any CPU
		{03FB498E-DF28-4494-AADC-F50BFEE7DBFE}.Release|Any CPU.Build.0 = Release|Any CPU
		{CCBD2C0E-5B5F-49BE-9187-B1DFDE90F7C7}.Debug|Any CPU.ActiveCfg = Debug|Any CPU
		{CCBD2C0E-5B5F-49BE-9187-B1DFDE90F7C7}.Debug|Any CPU.Build.0 = Debug|Any CPU
		{CCBD2C0E-5B5F-49BE-9187-B1DFDE90F7C7}.Release|Any CPU.ActiveCfg = Release|Any CPU
		{CCBD2C0E-5B5F-49BE-9187-B1DFDE90F7C7}.Release|Any CPU.Build.0 = Release|Any CPU
		{74DD202D-9755-4863-9BE3-3A7898DE69FD}.Debug|Any CPU.ActiveCfg = Debug|Any CPU
		{74DD202D-9755-4863-9BE3-3A7898DE69FD}.Debug|Any CPU.Build.0 = Debug|Any CPU
		{74DD202D-9755-4863-9BE3-3A7898DE69FD}.Release|Any CPU.ActiveCfg = Release|Any CPU
		{74DD202D-9755-4863-9BE3-3A7898DE69FD}.Release|Any CPU.Build.0 = Release|Any CPU
		{709C7A04-DA85-481E-A00A-3199B75F4CB5}.Debug|Any CPU.ActiveCfg = Debug|Any CPU
		{709C7A04-DA85-481E-A00A-3199B75F4CB5}.Debug|Any CPU.Build.0 = Debug|Any CPU
		{709C7A04-DA85-481E-A00A-3199B75F4CB5}.Release|Any CPU.ActiveCfg = Release|Any CPU
		{709C7A04-DA85-481E-A00A-3199B75F4CB5}.Release|Any CPU.Build.0 = Release|Any CPU
		{53591DAC-8B67-4548-954D-8832D6095AE5}.Debug|Any CPU.ActiveCfg = Debug|Any CPU
		{53591DAC-8B67-4548-954D-8832D6095AE5}.Debug|Any CPU.Build.0 = Debug|Any CPU
		{53591DAC-8B67-4548-954D-8832D6095AE5}.Release|Any CPU.ActiveCfg = Release|Any CPU
		{53591DAC-8B67-4548-954D-8832D6095AE5}.Release|Any CPU.Build.0 = Release|Any CPU
		{3F5A771B-CA90-459C-BD54-CFE9940598F5}.Debug|Any CPU.ActiveCfg = Debug|Any CPU
		{3F5A771B-CA90-459C-BD54-CFE9940598F5}.Debug|Any CPU.Build.0 = Debug|Any CPU
		{3F5A771B-CA90-459C-BD54-CFE9940598F5}.Release|Any CPU.ActiveCfg = Release|Any CPU
		{3F5A771B-CA90-459C-BD54-CFE9940598F5}.Release|Any CPU.Build.0 = Release|Any CPU
		{11CAEB42-1F33-4F6D-B295-8AD8959E5671}.Debug|Any CPU.ActiveCfg = Debug|Any CPU
		{11CAEB42-1F33-4F6D-B295-8AD8959E5671}.Debug|Any CPU.Build.0 = Debug|Any CPU
		{11CAEB42-1F33-4F6D-B295-8AD8959E5671}.Release|Any CPU.ActiveCfg = Release|Any CPU
		{11CAEB42-1F33-4F6D-B295-8AD8959E5671}.Release|Any CPU.Build.0 = Release|Any CPU
		{E6EF5B2D-C1D2-4043-8E34-8C8BFB61542B}.Debug|Any CPU.ActiveCfg = Debug|Any CPU
		{E6EF5B2D-C1D2-4043-8E34-8C8BFB61542B}.Debug|Any CPU.Build.0 = Debug|Any CPU
		{E6EF5B2D-C1D2-4043-8E34-8C8BFB61542B}.Release|Any CPU.ActiveCfg = Release|Any CPU
		{E6EF5B2D-C1D2-4043-8E34-8C8BFB61542B}.Release|Any CPU.Build.0 = Release|Any CPU
		{AAD93593-13AD-4448-AE66-E9BE56EE3F97}.Debug|Any CPU.ActiveCfg = Debug|Any CPU
		{AAD93593-13AD-4448-AE66-E9BE56EE3F97}.Debug|Any CPU.Build.0 = Debug|Any CPU
		{AAD93593-13AD-4448-AE66-E9BE56EE3F97}.Release|Any CPU.ActiveCfg = Release|Any CPU
		{AAD93593-13AD-4448-AE66-E9BE56EE3F97}.Release|Any CPU.Build.0 = Release|Any CPU
		{A09322E1-9298-409D-BCE5-A52504ACF42B}.Debug|Any CPU.ActiveCfg = Debug|Any CPU
		{A09322E1-9298-409D-BCE5-A52504ACF42B}.Debug|Any CPU.Build.0 = Debug|Any CPU
		{A09322E1-9298-409D-BCE5-A52504ACF42B}.Release|Any CPU.ActiveCfg = Release|Any CPU
		{A09322E1-9298-409D-BCE5-A52504ACF42B}.Release|Any CPU.Build.0 = Release|Any CPU
		{BF0ECF03-8C83-4A9B-9826-8E1827C13AAD}.Debug|Any CPU.ActiveCfg = Debug|Any CPU
		{BF0ECF03-8C83-4A9B-9826-8E1827C13AAD}.Debug|Any CPU.Build.0 = Debug|Any CPU
		{BF0ECF03-8C83-4A9B-9826-8E1827C13AAD}.Release|Any CPU.ActiveCfg = Release|Any CPU
		{BF0ECF03-8C83-4A9B-9826-8E1827C13AAD}.Release|Any CPU.Build.0 = Release|Any CPU
		{AF5400B3-654F-4A9E-BACB-D36317E5DEC5}.Debug|Any CPU.ActiveCfg = Debug|Any CPU
		{AF5400B3-654F-4A9E-BACB-D36317E5DEC5}.Debug|Any CPU.Build.0 = Debug|Any CPU
		{AF5400B3-654F-4A9E-BACB-D36317E5DEC5}.Release|Any CPU.ActiveCfg = Release|Any CPU
		{AF5400B3-654F-4A9E-BACB-D36317E5DEC5}.Release|Any CPU.Build.0 = Release|Any CPU
		{93730A05-C012-4A2B-A5B8-16108941F7CB}.Debug|Any CPU.ActiveCfg = Debug|Any CPU
		{93730A05-C012-4A2B-A5B8-16108941F7CB}.Debug|Any CPU.Build.0 = Debug|Any CPU
		{93730A05-C012-4A2B-A5B8-16108941F7CB}.Release|Any CPU.ActiveCfg = Release|Any CPU
		{93730A05-C012-4A2B-A5B8-16108941F7CB}.Release|Any CPU.Build.0 = Release|Any CPU
		{FDD96142-7F95-4841-A735-46A3CC4D48E9}.Debug|Any CPU.ActiveCfg = Debug|Any CPU
		{FDD96142-7F95-4841-A735-46A3CC4D48E9}.Debug|Any CPU.Build.0 = Debug|Any CPU
		{FDD96142-7F95-4841-A735-46A3CC4D48E9}.Release|Any CPU.ActiveCfg = Release|Any CPU
		{FDD96142-7F95-4841-A735-46A3CC4D48E9}.Release|Any CPU.Build.0 = Release|Any CPU
		{64D12EA8-0309-4005-A90E-24CBFDBFBB57}.Debug|Any CPU.ActiveCfg = Debug|Any CPU
		{64D12EA8-0309-4005-A90E-24CBFDBFBB57}.Debug|Any CPU.Build.0 = Debug|Any CPU
		{64D12EA8-0309-4005-A90E-24CBFDBFBB57}.Release|Any CPU.ActiveCfg = Release|Any CPU
		{64D12EA8-0309-4005-A90E-24CBFDBFBB57}.Release|Any CPU.Build.0 = Release|Any CPU
		{0494FCC7-B283-46D2-8B47-2319125DD43C}.Debug|Any CPU.ActiveCfg = Debug|Any CPU
		{0494FCC7-B283-46D2-8B47-2319125DD43C}.Debug|Any CPU.Build.0 = Debug|Any CPU
		{0494FCC7-B283-46D2-8B47-2319125DD43C}.Release|Any CPU.ActiveCfg = Release|Any CPU
		{0494FCC7-B283-46D2-8B47-2319125DD43C}.Release|Any CPU.Build.0 = Release|Any CPU
		{69513609-EA53-41FE-918A-F2BF160AAF5E}.Debug|Any CPU.ActiveCfg = Debug|Any CPU
		{69513609-EA53-41FE-918A-F2BF160AAF5E}.Debug|Any CPU.Build.0 = Debug|Any CPU
		{69513609-EA53-41FE-918A-F2BF160AAF5E}.Release|Any CPU.ActiveCfg = Release|Any CPU
		{69513609-EA53-41FE-918A-F2BF160AAF5E}.Release|Any CPU.Build.0 = Release|Any CPU
		{86033DE0-AF90-4948-A5AC-386CAFDB16EF}.Debug|Any CPU.ActiveCfg = Debug|Any CPU
		{86033DE0-AF90-4948-A5AC-386CAFDB16EF}.Debug|Any CPU.Build.0 = Debug|Any CPU
		{86033DE0-AF90-4948-A5AC-386CAFDB16EF}.Release|Any CPU.ActiveCfg = Release|Any CPU
		{86033DE0-AF90-4948-A5AC-386CAFDB16EF}.Release|Any CPU.Build.0 = Release|Any CPU
		{451F0C15-3E9E-40C8-BEBF-99244E3531A6}.Debug|Any CPU.ActiveCfg = Debug|Any CPU
		{451F0C15-3E9E-40C8-BEBF-99244E3531A6}.Debug|Any CPU.Build.0 = Debug|Any CPU
		{451F0C15-3E9E-40C8-BEBF-99244E3531A6}.Release|Any CPU.ActiveCfg = Release|Any CPU
		{451F0C15-3E9E-40C8-BEBF-99244E3531A6}.Release|Any CPU.Build.0 = Release|Any CPU
		{B89F401E-77D8-411A-B8C3-C2EA59EF1298}.Debug|Any CPU.ActiveCfg = Debug|Any CPU
		{B89F401E-77D8-411A-B8C3-C2EA59EF1298}.Debug|Any CPU.Build.0 = Debug|Any CPU
		{B89F401E-77D8-411A-B8C3-C2EA59EF1298}.Release|Any CPU.ActiveCfg = Release|Any CPU
		{B89F401E-77D8-411A-B8C3-C2EA59EF1298}.Release|Any CPU.Build.0 = Release|Any CPU
		{19087226-2519-43D9-9AB9-F28A611F2F44}.Debug|Any CPU.ActiveCfg = Debug|Any CPU
		{19087226-2519-43D9-9AB9-F28A611F2F44}.Debug|Any CPU.Build.0 = Debug|Any CPU
		{19087226-2519-43D9-9AB9-F28A611F2F44}.Release|Any CPU.ActiveCfg = Release|Any CPU
		{19087226-2519-43D9-9AB9-F28A611F2F44}.Release|Any CPU.Build.0 = Release|Any CPU
		{045494E9-DDD2-4792-8BA8-893EB6349319}.Debug|Any CPU.ActiveCfg = Debug|Any CPU
		{045494E9-DDD2-4792-8BA8-893EB6349319}.Debug|Any CPU.Build.0 = Debug|Any CPU
		{045494E9-DDD2-4792-8BA8-893EB6349319}.Release|Any CPU.ActiveCfg = Release|Any CPU
		{045494E9-DDD2-4792-8BA8-893EB6349319}.Release|Any CPU.Build.0 = Release|Any CPU
		{E97FFF3E-2790-4AB1-AF70-92A3501698E0}.Debug|Any CPU.ActiveCfg = Debug|Any CPU
		{E97FFF3E-2790-4AB1-AF70-92A3501698E0}.Debug|Any CPU.Build.0 = Debug|Any CPU
		{E97FFF3E-2790-4AB1-AF70-92A3501698E0}.Release|Any CPU.ActiveCfg = Release|Any CPU
		{E97FFF3E-2790-4AB1-AF70-92A3501698E0}.Release|Any CPU.Build.0 = Release|Any CPU
		{04B7B2E5-DF7C-40E5-A9CD-E31C05C0ABB1}.Debug|Any CPU.ActiveCfg = Debug|Any CPU
		{04B7B2E5-DF7C-40E5-A9CD-E31C05C0ABB1}.Debug|Any CPU.Build.0 = Debug|Any CPU
		{04B7B2E5-DF7C-40E5-A9CD-E31C05C0ABB1}.Release|Any CPU.ActiveCfg = Release|Any CPU
		{04B7B2E5-DF7C-40E5-A9CD-E31C05C0ABB1}.Release|Any CPU.Build.0 = Release|Any CPU
		{831AE6A1-1BA0-4E1D-A466-5BC18389D382}.Debug|Any CPU.ActiveCfg = Debug|Any CPU
		{831AE6A1-1BA0-4E1D-A466-5BC18389D382}.Debug|Any CPU.Build.0 = Debug|Any CPU
		{831AE6A1-1BA0-4E1D-A466-5BC18389D382}.Release|Any CPU.ActiveCfg = Release|Any CPU
		{831AE6A1-1BA0-4E1D-A466-5BC18389D382}.Release|Any CPU.Build.0 = Release|Any CPU
		{A7CF70D9-88A1-44A7-8788-B3F0ADFC1709}.Debug|Any CPU.ActiveCfg = Debug|Any CPU
		{A7CF70D9-88A1-44A7-8788-B3F0ADFC1709}.Debug|Any CPU.Build.0 = Debug|Any CPU
		{A7CF70D9-88A1-44A7-8788-B3F0ADFC1709}.Release|Any CPU.ActiveCfg = Release|Any CPU
		{A7CF70D9-88A1-44A7-8788-B3F0ADFC1709}.Release|Any CPU.Build.0 = Release|Any CPU
		{DD8498C8-39BB-4951-99D8-3807861CF6A2}.Debug|Any CPU.ActiveCfg = Debug|Any CPU
		{DD8498C8-39BB-4951-99D8-3807861CF6A2}.Debug|Any CPU.Build.0 = Debug|Any CPU
		{DD8498C8-39BB-4951-99D8-3807861CF6A2}.Release|Any CPU.ActiveCfg = Release|Any CPU
		{DD8498C8-39BB-4951-99D8-3807861CF6A2}.Release|Any CPU.Build.0 = Release|Any CPU
		{C70AE120-26D6-4941-A3C7-58687FB2125D}.Debug|Any CPU.ActiveCfg = Debug|Any CPU
		{C70AE120-26D6-4941-A3C7-58687FB2125D}.Debug|Any CPU.Build.0 = Debug|Any CPU
		{C70AE120-26D6-4941-A3C7-58687FB2125D}.Release|Any CPU.ActiveCfg = Release|Any CPU
		{C70AE120-26D6-4941-A3C7-58687FB2125D}.Release|Any CPU.Build.0 = Release|Any CPU
		{8E0DC9DD-84DD-4C2F-B9EC-D3CE360477B1}.Debug|Any CPU.ActiveCfg = Debug|Any CPU
		{8E0DC9DD-84DD-4C2F-B9EC-D3CE360477B1}.Debug|Any CPU.Build.0 = Debug|Any CPU
		{8E0DC9DD-84DD-4C2F-B9EC-D3CE360477B1}.Release|Any CPU.ActiveCfg = Release|Any CPU
		{8E0DC9DD-84DD-4C2F-B9EC-D3CE360477B1}.Release|Any CPU.Build.0 = Release|Any CPU
		{7BBFA89C-49C5-43E7-B251-EAB70B3D8A39}.Debug|Any CPU.ActiveCfg = Debug|Any CPU
		{7BBFA89C-49C5-43E7-B251-EAB70B3D8A39}.Debug|Any CPU.Build.0 = Debug|Any CPU
		{7BBFA89C-49C5-43E7-B251-EAB70B3D8A39}.Release|Any CPU.ActiveCfg = Release|Any CPU
		{7BBFA89C-49C5-43E7-B251-EAB70B3D8A39}.Release|Any CPU.Build.0 = Release|Any CPU
		{C6E75FF1-88B8-42BE-BCF4-0BF99966F642}.Debug|Any CPU.ActiveCfg = Debug|Any CPU
		{C6E75FF1-88B8-42BE-BCF4-0BF99966F642}.Debug|Any CPU.Build.0 = Debug|Any CPU
		{C6E75FF1-88B8-42BE-BCF4-0BF99966F642}.Release|Any CPU.ActiveCfg = Release|Any CPU
		{C6E75FF1-88B8-42BE-BCF4-0BF99966F642}.Release|Any CPU.Build.0 = Release|Any CPU
		{02AD797C-0143-4F64-8F03-816E8B83B7A5}.Debug|Any CPU.ActiveCfg = Debug|Any CPU
		{02AD797C-0143-4F64-8F03-816E8B83B7A5}.Debug|Any CPU.Build.0 = Debug|Any CPU
		{02AD797C-0143-4F64-8F03-816E8B83B7A5}.Release|Any CPU.ActiveCfg = Release|Any CPU
		{02AD797C-0143-4F64-8F03-816E8B83B7A5}.Release|Any CPU.Build.0 = Release|Any CPU
		{C2F52967-AD01-4D43-9648-FAF6807144BC}.Debug|Any CPU.ActiveCfg = Debug|Any CPU
		{C2F52967-AD01-4D43-9648-FAF6807144BC}.Debug|Any CPU.Build.0 = Debug|Any CPU
		{C2F52967-AD01-4D43-9648-FAF6807144BC}.Release|Any CPU.ActiveCfg = Release|Any CPU
		{C2F52967-AD01-4D43-9648-FAF6807144BC}.Release|Any CPU.Build.0 = Release|Any CPU
		{EF6D8EAF-D627-49C7-A641-ADADD21119A0}.Debug|Any CPU.ActiveCfg = Debug|Any CPU
		{EF6D8EAF-D627-49C7-A641-ADADD21119A0}.Debug|Any CPU.Build.0 = Debug|Any CPU
		{EF6D8EAF-D627-49C7-A641-ADADD21119A0}.Release|Any CPU.ActiveCfg = Release|Any CPU
		{EF6D8EAF-D627-49C7-A641-ADADD21119A0}.Release|Any CPU.Build.0 = Release|Any CPU
		{6586B76F-C268-4EAA-A7B0-C72E1CAED6F1}.Debug|Any CPU.ActiveCfg = Debug|Any CPU
		{6586B76F-C268-4EAA-A7B0-C72E1CAED6F1}.Debug|Any CPU.Build.0 = Debug|Any CPU
		{6586B76F-C268-4EAA-A7B0-C72E1CAED6F1}.Release|Any CPU.ActiveCfg = Release|Any CPU
		{6586B76F-C268-4EAA-A7B0-C72E1CAED6F1}.Release|Any CPU.Build.0 = Release|Any CPU
		{9B8B5EC5-E7E6-47B9-A230-E9BDF5A51200}.Debug|Any CPU.ActiveCfg = Debug|Any CPU
		{9B8B5EC5-E7E6-47B9-A230-E9BDF5A51200}.Debug|Any CPU.Build.0 = Debug|Any CPU
		{9B8B5EC5-E7E6-47B9-A230-E9BDF5A51200}.Release|Any CPU.ActiveCfg = Release|Any CPU
		{9B8B5EC5-E7E6-47B9-A230-E9BDF5A51200}.Release|Any CPU.Build.0 = Release|Any CPU
		{DE22C351-9763-4655-ADBA-0D641B8564A3}.Debug|Any CPU.ActiveCfg = Debug|Any CPU
		{DE22C351-9763-4655-ADBA-0D641B8564A3}.Debug|Any CPU.Build.0 = Debug|Any CPU
		{DE22C351-9763-4655-ADBA-0D641B8564A3}.Release|Any CPU.ActiveCfg = Release|Any CPU
		{DE22C351-9763-4655-ADBA-0D641B8564A3}.Release|Any CPU.Build.0 = Release|Any CPU
		{87042023-316D-44EC-84CD-C473720585A8}.Debug|Any CPU.ActiveCfg = Debug|Any CPU
		{87042023-316D-44EC-84CD-C473720585A8}.Debug|Any CPU.Build.0 = Debug|Any CPU
		{87042023-316D-44EC-84CD-C473720585A8}.Release|Any CPU.ActiveCfg = Release|Any CPU
		{87042023-316D-44EC-84CD-C473720585A8}.Release|Any CPU.Build.0 = Release|Any CPU
		{0D74201A-343D-4DAF-9E63-6F8DB3730110}.Debug|Any CPU.ActiveCfg = Debug|Any CPU
		{0D74201A-343D-4DAF-9E63-6F8DB3730110}.Debug|Any CPU.Build.0 = Debug|Any CPU
		{0D74201A-343D-4DAF-9E63-6F8DB3730110}.Release|Any CPU.ActiveCfg = Release|Any CPU
		{0D74201A-343D-4DAF-9E63-6F8DB3730110}.Release|Any CPU.Build.0 = Release|Any CPU
		{D6F639BF-007A-4252-8923-49453E21F5DD}.Debug|Any CPU.ActiveCfg = Debug|Any CPU
		{D6F639BF-007A-4252-8923-49453E21F5DD}.Debug|Any CPU.Build.0 = Debug|Any CPU
		{D6F639BF-007A-4252-8923-49453E21F5DD}.Release|Any CPU.ActiveCfg = Release|Any CPU
		{D6F639BF-007A-4252-8923-49453E21F5DD}.Release|Any CPU.Build.0 = Release|Any CPU
		{EDA5E50D-703C-4D68-A026-322606D7F666}.Debug|Any CPU.ActiveCfg = Debug|Any CPU
		{EDA5E50D-703C-4D68-A026-322606D7F666}.Debug|Any CPU.Build.0 = Debug|Any CPU
		{EDA5E50D-703C-4D68-A026-322606D7F666}.Release|Any CPU.ActiveCfg = Release|Any CPU
		{EDA5E50D-703C-4D68-A026-322606D7F666}.Release|Any CPU.Build.0 = Release|Any CPU
		{62C6EF05-E0A4-4B4E-82F9-00A4ADFC9BA3}.Debug|Any CPU.ActiveCfg = Debug|Any CPU
		{62C6EF05-E0A4-4B4E-82F9-00A4ADFC9BA3}.Debug|Any CPU.Build.0 = Debug|Any CPU
		{62C6EF05-E0A4-4B4E-82F9-00A4ADFC9BA3}.Release|Any CPU.ActiveCfg = Release|Any CPU
		{62C6EF05-E0A4-4B4E-82F9-00A4ADFC9BA3}.Release|Any CPU.Build.0 = Release|Any CPU
		{80EEF570-D7DC-470F-8E76-6484AD59223A}.Debug|Any CPU.ActiveCfg = Debug|Any CPU
		{80EEF570-D7DC-470F-8E76-6484AD59223A}.Debug|Any CPU.Build.0 = Debug|Any CPU
		{80EEF570-D7DC-470F-8E76-6484AD59223A}.Release|Any CPU.ActiveCfg = Release|Any CPU
		{80EEF570-D7DC-470F-8E76-6484AD59223A}.Release|Any CPU.Build.0 = Release|Any CPU
		{A7EF19D6-1662-4FBB-AECF-A7F9DD59E3F0}.Debug|Any CPU.ActiveCfg = Debug|Any CPU
		{A7EF19D6-1662-4FBB-AECF-A7F9DD59E3F0}.Debug|Any CPU.Build.0 = Debug|Any CPU
		{A7EF19D6-1662-4FBB-AECF-A7F9DD59E3F0}.Release|Any CPU.ActiveCfg = Release|Any CPU
		{A7EF19D6-1662-4FBB-AECF-A7F9DD59E3F0}.Release|Any CPU.Build.0 = Release|Any CPU
		{BCD38C99-A3B2-4CF2-BDBE-915AEC37E20A}.Debug|Any CPU.ActiveCfg = Debug|Any CPU
		{BCD38C99-A3B2-4CF2-BDBE-915AEC37E20A}.Debug|Any CPU.Build.0 = Debug|Any CPU
		{BCD38C99-A3B2-4CF2-BDBE-915AEC37E20A}.Release|Any CPU.ActiveCfg = Release|Any CPU
		{BCD38C99-A3B2-4CF2-BDBE-915AEC37E20A}.Release|Any CPU.Build.0 = Release|Any CPU
		{4EEFAF65-69E4-4B8B-9CDC-2AC15539A719}.Debug|Any CPU.ActiveCfg = Debug|Any CPU
		{4EEFAF65-69E4-4B8B-9CDC-2AC15539A719}.Debug|Any CPU.Build.0 = Debug|Any CPU
		{4EEFAF65-69E4-4B8B-9CDC-2AC15539A719}.Release|Any CPU.ActiveCfg = Release|Any CPU
		{4EEFAF65-69E4-4B8B-9CDC-2AC15539A719}.Release|Any CPU.Build.0 = Release|Any CPU
		{6803723B-AE19-4329-A153-85C88540F3A2}.Debug|Any CPU.ActiveCfg = Debug|Any CPU
		{6803723B-AE19-4329-A153-85C88540F3A2}.Debug|Any CPU.Build.0 = Debug|Any CPU
		{6803723B-AE19-4329-A153-85C88540F3A2}.Release|Any CPU.ActiveCfg = Release|Any CPU
		{6803723B-AE19-4329-A153-85C88540F3A2}.Release|Any CPU.Build.0 = Release|Any CPU
		{384561F1-41C0-49B7-BE26-8D76F92008CE}.Debug|Any CPU.ActiveCfg = Debug|Any CPU
		{384561F1-41C0-49B7-BE26-8D76F92008CE}.Debug|Any CPU.Build.0 = Debug|Any CPU
		{384561F1-41C0-49B7-BE26-8D76F92008CE}.Release|Any CPU.ActiveCfg = Release|Any CPU
		{384561F1-41C0-49B7-BE26-8D76F92008CE}.Release|Any CPU.Build.0 = Release|Any CPU
		{DC40069A-690F-4A53-A7BB-6E57A51736AC}.Debug|Any CPU.ActiveCfg = Debug|Any CPU
		{DC40069A-690F-4A53-A7BB-6E57A51736AC}.Debug|Any CPU.Build.0 = Debug|Any CPU
		{DC40069A-690F-4A53-A7BB-6E57A51736AC}.Release|Any CPU.ActiveCfg = Release|Any CPU
		{DC40069A-690F-4A53-A7BB-6E57A51736AC}.Release|Any CPU.Build.0 = Release|Any CPU
		{8B45AD6A-91CB-4B4A-8516-1AEDC8926C1F}.Debug|Any CPU.ActiveCfg = Debug|Any CPU
		{8B45AD6A-91CB-4B4A-8516-1AEDC8926C1F}.Debug|Any CPU.Build.0 = Debug|Any CPU
		{8B45AD6A-91CB-4B4A-8516-1AEDC8926C1F}.Release|Any CPU.ActiveCfg = Release|Any CPU
		{8B45AD6A-91CB-4B4A-8516-1AEDC8926C1F}.Release|Any CPU.Build.0 = Release|Any CPU
		{3325A0BC-266E-45B5-BBC5-7B6CA2B64623}.Debug|Any CPU.ActiveCfg = Debug|Any CPU
		{3325A0BC-266E-45B5-BBC5-7B6CA2B64623}.Debug|Any CPU.Build.0 = Debug|Any CPU
		{3325A0BC-266E-45B5-BBC5-7B6CA2B64623}.Release|Any CPU.ActiveCfg = Release|Any CPU
		{3325A0BC-266E-45B5-BBC5-7B6CA2B64623}.Release|Any CPU.Build.0 = Release|Any CPU
		{07086EC3-193C-4C8C-97BB-5CBFF3E19911}.Debug|Any CPU.ActiveCfg = Debug|Any CPU
		{07086EC3-193C-4C8C-97BB-5CBFF3E19911}.Debug|Any CPU.Build.0 = Debug|Any CPU
		{07086EC3-193C-4C8C-97BB-5CBFF3E19911}.Release|Any CPU.ActiveCfg = Release|Any CPU
		{07086EC3-193C-4C8C-97BB-5CBFF3E19911}.Release|Any CPU.Build.0 = Release|Any CPU
		{85BF18B0-ACAA-4325-B80A-552E784EB461}.Debug|Any CPU.ActiveCfg = Debug|Any CPU
		{85BF18B0-ACAA-4325-B80A-552E784EB461}.Debug|Any CPU.Build.0 = Debug|Any CPU
		{85BF18B0-ACAA-4325-B80A-552E784EB461}.Release|Any CPU.ActiveCfg = Release|Any CPU
		{85BF18B0-ACAA-4325-B80A-552E784EB461}.Release|Any CPU.Build.0 = Release|Any CPU
		{00F9B43C-177E-453E-8EAE-1AB2E81AD27B}.Debug|Any CPU.ActiveCfg = Debug|Any CPU
		{00F9B43C-177E-453E-8EAE-1AB2E81AD27B}.Debug|Any CPU.Build.0 = Debug|Any CPU
		{00F9B43C-177E-453E-8EAE-1AB2E81AD27B}.Release|Any CPU.ActiveCfg = Release|Any CPU
		{00F9B43C-177E-453E-8EAE-1AB2E81AD27B}.Release|Any CPU.Build.0 = Release|Any CPU
		{FD686007-FF4D-4195-90DE-387B28E0B899}.Debug|Any CPU.ActiveCfg = Debug|Any CPU
		{FD686007-FF4D-4195-90DE-387B28E0B899}.Debug|Any CPU.Build.0 = Debug|Any CPU
		{FD686007-FF4D-4195-90DE-387B28E0B899}.Release|Any CPU.ActiveCfg = Release|Any CPU
		{FD686007-FF4D-4195-90DE-387B28E0B899}.Release|Any CPU.Build.0 = Release|Any CPU
	EndGlobalSection
	GlobalSection(NestedProjects) = preSolution
		{83D5B0F2-5528-4336-BA32-D627F96D68E4} = {C61C7961-462A-4ADC-9954-5EB0F03173C8}
		{D2491531-B880-4422-908A-10EE45FA2838} = {7FA2A9B0-3C66-43A5-9FCE-12E3F343AF94}
		{48543AFB-D2E3-4413-BBA0-CCE8AD64FC54} = {7FA2A9B0-3C66-43A5-9FCE-12E3F343AF94}
		{D120F6B9-0C16-4BD1-9EBB-75ACC099716D} = {7FA2A9B0-3C66-43A5-9FCE-12E3F343AF94}
		{345C534F-2EB4-4DAA-BC73-A60FA092095D} = {C61C7961-462A-4ADC-9954-5EB0F03173C8}
		{EE3CBD93-31B8-4014-AB70-8E83766D14D8} = {7FA2A9B0-3C66-43A5-9FCE-12E3F343AF94}
		{1394C3B1-6C48-49CC-B48C-8BAC813AB12F} = {7FA2A9B0-3C66-43A5-9FCE-12E3F343AF94}
		{9813B7A5-A111-44C2-9440-A9077D4C71B6} = {62AA46ED-C6B5-4A90-98D7-2196953250F8}
		{371D0D5C-13E4-4E19-92D8-32D383C48251} = {62AA46ED-C6B5-4A90-98D7-2196953250F8}
		{E5D7678D-0830-4ABE-87B3-FDED74BBC3D8} = {62AA46ED-C6B5-4A90-98D7-2196953250F8}
		{759F549B-8E56-495A-9683-53247590C2D2} = {62AA46ED-C6B5-4A90-98D7-2196953250F8}
		{7AE40924-73C6-4EFB-BCF0-99136E6AD706} = {62AA46ED-C6B5-4A90-98D7-2196953250F8}
		{40D38179-ABD8-4E30-A3F1-F6DFCC095FB9} = {62AA46ED-C6B5-4A90-98D7-2196953250F8}
		{258553BC-6FAA-4153-92EA-9B7236092165} = {62AA46ED-C6B5-4A90-98D7-2196953250F8}
		{36518933-8718-4141-8246-AFD8BA7D3945} = {2AA98FF1-89CB-4B0E-9D5C-2B4D744F517E}
		{A44A7B4F-4346-4079-B288-A48602DD4B12} = {2AA98FF1-89CB-4B0E-9D5C-2B4D744F517E}
		{F49023FD-2036-4DB9-9AD5-41B1D8CA7456} = {2AA98FF1-89CB-4B0E-9D5C-2B4D744F517E}
		{9C22AC74-D496-4D0E-9911-B26BAEDD69B0} = {2AA98FF1-89CB-4B0E-9D5C-2B4D744F517E}
		{7F3E220B-82BF-4708-99DE-80C52148F865} = {3EC7D5C4-0218-4A84-AD96-E1053140A633}
		{810D89C5-64C0-4F84-BA4D-673D0DF17E27} = {3EC7D5C4-0218-4A84-AD96-E1053140A633}
		{83C1C05A-F41B-4330-8EFB-7726E9CA0E7E} = {3EC7D5C4-0218-4A84-AD96-E1053140A633}
		{CD70EB35-FC35-4942-B3F9-67E03412BCCC} = {3EC7D5C4-0218-4A84-AD96-E1053140A633}
		{DBAFF968-DDC5-4223-ABDF-199D7DF9B8B5} = {3EC7D5C4-0218-4A84-AD96-E1053140A633}
		{611F7026-5D21-4685-AB2F-4D6AC261E84E} = {3EC7D5C4-0218-4A84-AD96-E1053140A633}
		{4663032E-667E-4D60-A215-D2D45972964B} = {3EC7D5C4-0218-4A84-AD96-E1053140A633}
		{7910657D-3C02-4691-8879-F8A18F06E084} = {3EC7D5C4-0218-4A84-AD96-E1053140A633}
		{1DBD99E9-E7EA-4287-95DF-C230D37A97CC} = {57EE43B0-B075-4B76-85CB-EE41120F509E}
		{52D4A8A2-52DC-4127-8851-A63B3601A42A} = {3EC7D5C4-0218-4A84-AD96-E1053140A633}
		{083B763B-D8A1-42EC-A9B0-95085B66BB48} = {3EC7D5C4-0218-4A84-AD96-E1053140A633}
		{F08F52C5-8F07-476C-9780-F49371F70215} = {3EC7D5C4-0218-4A84-AD96-E1053140A633}
		{54B6183B-63C6-4962-9833-FF551B6A42BC} = {3EC7D5C4-0218-4A84-AD96-E1053140A633}
		{2EAC3191-0279-4E79-8217-42F8B22C9105} = {3EC7D5C4-0218-4A84-AD96-E1053140A633}
		{DA6CF860-FDE7-4CB3-BE59-F4F95DE9A145} = {3EC7D5C4-0218-4A84-AD96-E1053140A633}
		{8D627065-2C27-4940-84AF-D18F818DD205} = {3EC7D5C4-0218-4A84-AD96-E1053140A633}
		{515AAB84-7839-4689-ABDC-9DF1522A1FA3} = {3EC7D5C4-0218-4A84-AD96-E1053140A633}
		{6FF9F7CF-B909-4893-8238-2FD6AD72B5A7} = {3EC7D5C4-0218-4A84-AD96-E1053140A633}
		{5FC450F1-7226-4DF2-A964-A0C1DCFB71AC} = {3EC7D5C4-0218-4A84-AD96-E1053140A633}
		{0B71DE91-7DB5-483E-9A63-3BB3F970C63C} = {57EE43B0-B075-4B76-85CB-EE41120F509E}
		{1AA68AB4-1E8B-40EC-8D85-7D2FCF04B911} = {57EE43B0-B075-4B76-85CB-EE41120F509E}
		{2D808ADC-6A6F-4F4A-AAB8-A3C79EF6947C} = {57EE43B0-B075-4B76-85CB-EE41120F509E}
		{14D8D5AE-2A12-4068-9807-50F135E27F99} = {57EE43B0-B075-4B76-85CB-EE41120F509E}
		{F0270219-5D1D-41EC-B781-245D9844F4D3} = {57EE43B0-B075-4B76-85CB-EE41120F509E}
		{1EE0B8CA-D9EC-419B-8FBB-49A8F2590271} = {6CC9999D-C224-4DFE-8FD3-4F139B85C659}
		{DF6FA05E-101C-4785-875E-8B8C5BC78A6A} = {6CC9999D-C224-4DFE-8FD3-4F139B85C659}
		{1A7DF6B8-96EC-4C99-9F44-5902EFD0F6E5} = {6CC9999D-C224-4DFE-8FD3-4F139B85C659}
		{9CB79FC4-2900-4DFA-BCD3-0C40CED9FE5A} = {2AA98FF1-89CB-4B0E-9D5C-2B4D744F517E}
		{3F357875-FDE7-4253-B072-DE5B1A418D7B} = {2AA98FF1-89CB-4B0E-9D5C-2B4D744F517E}
		{EC68134D-5099-4DAC-AC35-CACC2DEBE73C} = {2AA98FF1-89CB-4B0E-9D5C-2B4D744F517E}
		{E833164C-BE6B-4786-A4D1-FDA5A3751B45} = {2AA98FF1-89CB-4B0E-9D5C-2B4D744F517E}
		{836B498D-E535-455E-A456-BD9A65652560} = {6CC9999D-C224-4DFE-8FD3-4F139B85C659}
		{1FF86910-BAE0-450C-B717-5A1BBD85B48A} = {2AA98FF1-89CB-4B0E-9D5C-2B4D744F517E}
		{E411FA17-120E-4A55-AFFD-647D4FD42CA2} = {6CC9999D-C224-4DFE-8FD3-4F139B85C659}
		{D38F63DD-F25F-4729-84AE-40C9CF0CD7A9} = {6CC9999D-C224-4DFE-8FD3-4F139B85C659}
		{9186BA14-8CE7-4094-86D9-D1304E05292B} = {6CC9999D-C224-4DFE-8FD3-4F139B85C659}
		{01325953-C966-48DA-A42B-E36C45CD1219} = {6CC9999D-C224-4DFE-8FD3-4F139B85C659}
		{D7A7434A-7C58-4529-892D-D2CA9E123713} = {6CC9999D-C224-4DFE-8FD3-4F139B85C659}
		{254C206F-AC63-410E-94E4-E9D9EB2FF428} = {6CC9999D-C224-4DFE-8FD3-4F139B85C659}
		{69CFC252-6994-4B93-A22C-04BBF768D88A} = {6CC9999D-C224-4DFE-8FD3-4F139B85C659}
		{308796A6-C92F-42C4-B2A9-C90D6223594A} = {6CC9999D-C224-4DFE-8FD3-4F139B85C659}
		{4DF4EB1F-10BE-4C91-8E72-13354640A96C} = {6CC9999D-C224-4DFE-8FD3-4F139B85C659}
		{2D378FB5-46C5-487E-8D8A-831A9B5BB051} = {6CC9999D-C224-4DFE-8FD3-4F139B85C659}
		{3AF5BCD7-926C-4FAE-A8A7-F305C242FD4A} = {6CC9999D-C224-4DFE-8FD3-4F139B85C659}
		{04CBA452-66EC-499A-BCA0-C09677134069} = {6CC9999D-C224-4DFE-8FD3-4F139B85C659}
		{73F5080D-833F-4D33-868A-F6DA9390986C} = {6CC9999D-C224-4DFE-8FD3-4F139B85C659}
		{90B187AF-0EF5-4CE5-9E07-35DB41E86A0E} = {837B86D7-B1C4-4A0C-8C2D-15C40A7B5819}
		{5B476200-0138-4C98-BBEE-DD5ADA19D3EF} = {837B86D7-B1C4-4A0C-8C2D-15C40A7B5819}
		{A89D41C7-0E73-4DE8-913B-97DE0DDB7871} = {A4B4804A-82ED-4270-82EC-8E96152C4D6D}
		{1AC04EA3-DD75-44B8-BFAE-81002852A3F9} = {A4B4804A-82ED-4270-82EC-8E96152C4D6D}
		{E0434478-24A7-4B99-924C-52B6858B3B16} = {A4B4804A-82ED-4270-82EC-8E96152C4D6D}
		{8A66FACC-48BA-4964-B394-782B919A4837} = {A4B4804A-82ED-4270-82EC-8E96152C4D6D}
		{6826B0A0-6A95-4B50-B684-E7B76F83BCA6} = {A4B4804A-82ED-4270-82EC-8E96152C4D6D}
		{84B1CF52-8384-4947-95B6-510411B34F38} = {A4B4804A-82ED-4270-82EC-8E96152C4D6D}
		{BD99D2FF-6341-430C-8945-5FD36F338A0B} = {A4B4804A-82ED-4270-82EC-8E96152C4D6D}
		{520D7CDB-E96E-4528-A3E2-B52B746B5F6D} = {A4B4804A-82ED-4270-82EC-8E96152C4D6D}
		{363BA3C3-C5F7-465C-B1FA-A2C764EDC549} = {A4B4804A-82ED-4270-82EC-8E96152C4D6D}
		{079D4AE8-E773-4659-B033-95EDD5167AD2} = {A4B4804A-82ED-4270-82EC-8E96152C4D6D}
		{0795A715-6430-4269-870D-27B93EA9F291} = {A4B4804A-82ED-4270-82EC-8E96152C4D6D}
		{03FB498E-DF28-4494-AADC-F50BFEE7DBFE} = {A4B4804A-82ED-4270-82EC-8E96152C4D6D}
		{CCBD2C0E-5B5F-49BE-9187-B1DFDE90F7C7} = {A4B4804A-82ED-4270-82EC-8E96152C4D6D}
		{74DD202D-9755-4863-9BE3-3A7898DE69FD} = {A4B4804A-82ED-4270-82EC-8E96152C4D6D}
		{709C7A04-DA85-481E-A00A-3199B75F4CB5} = {A4B4804A-82ED-4270-82EC-8E96152C4D6D}
		{53591DAC-8B67-4548-954D-8832D6095AE5} = {A4B4804A-82ED-4270-82EC-8E96152C4D6D}
		{3F5A771B-CA90-459C-BD54-CFE9940598F5} = {A4B4804A-82ED-4270-82EC-8E96152C4D6D}
		{11CAEB42-1F33-4F6D-B295-8AD8959E5671} = {A4B4804A-82ED-4270-82EC-8E96152C4D6D}
		{E6EF5B2D-C1D2-4043-8E34-8C8BFB61542B} = {A4B4804A-82ED-4270-82EC-8E96152C4D6D}
		{AAD93593-13AD-4448-AE66-E9BE56EE3F97} = {A4B4804A-82ED-4270-82EC-8E96152C4D6D}
		{A09322E1-9298-409D-BCE5-A52504ACF42B} = {A4B4804A-82ED-4270-82EC-8E96152C4D6D}
		{BF0ECF03-8C83-4A9B-9826-8E1827C13AAD} = {A4B4804A-82ED-4270-82EC-8E96152C4D6D}
		{AF5400B3-654F-4A9E-BACB-D36317E5DEC5} = {AB06455C-2F30-4E1D-B732-4FAAA13E7B0C}
		{93730A05-C012-4A2B-A5B8-16108941F7CB} = {AB06455C-2F30-4E1D-B732-4FAAA13E7B0C}
		{FDD96142-7F95-4841-A735-46A3CC4D48E9} = {AB06455C-2F30-4E1D-B732-4FAAA13E7B0C}
		{64D12EA8-0309-4005-A90E-24CBFDBFBB57} = {AB06455C-2F30-4E1D-B732-4FAAA13E7B0C}
		{0494FCC7-B283-46D2-8B47-2319125DD43C} = {AB06455C-2F30-4E1D-B732-4FAAA13E7B0C}
		{69513609-EA53-41FE-918A-F2BF160AAF5E} = {AB06455C-2F30-4E1D-B732-4FAAA13E7B0C}
		{86033DE0-AF90-4948-A5AC-386CAFDB16EF} = {AB06455C-2F30-4E1D-B732-4FAAA13E7B0C}
		{451F0C15-3E9E-40C8-BEBF-99244E3531A6} = {3A6F540A-5153-4E84-8E15-790AB3FFFA52}
		{B89F401E-77D8-411A-B8C3-C2EA59EF1298} = {3A6F540A-5153-4E84-8E15-790AB3FFFA52}
		{045494E9-DDD2-4792-8BA8-893EB6349319} = {3A6F540A-5153-4E84-8E15-790AB3FFFA52}
		{E97FFF3E-2790-4AB1-AF70-92A3501698E0} = {3A6F540A-5153-4E84-8E15-790AB3FFFA52}
		{04B7B2E5-DF7C-40E5-A9CD-E31C05C0ABB1} = {3A6F540A-5153-4E84-8E15-790AB3FFFA52}
		{831AE6A1-1BA0-4E1D-A466-5BC18389D382} = {3A6F540A-5153-4E84-8E15-790AB3FFFA52}
		{A7CF70D9-88A1-44A7-8788-B3F0ADFC1709} = {3A6F540A-5153-4E84-8E15-790AB3FFFA52}
		{DD8498C8-39BB-4951-99D8-3807861CF6A2} = {3A6F540A-5153-4E84-8E15-790AB3FFFA52}
		{C70AE120-26D6-4941-A3C7-58687FB2125D} = {3A6F540A-5153-4E84-8E15-790AB3FFFA52}
		{8E0DC9DD-84DD-4C2F-B9EC-D3CE360477B1} = {3A6F540A-5153-4E84-8E15-790AB3FFFA52}
		{7BBFA89C-49C5-43E7-B251-EAB70B3D8A39} = {3A6F540A-5153-4E84-8E15-790AB3FFFA52}
		{C6E75FF1-88B8-42BE-BCF4-0BF99966F642} = {3A6F540A-5153-4E84-8E15-790AB3FFFA52}
		{02AD797C-0143-4F64-8F03-816E8B83B7A5} = {F61DC906-217B-47AB-B1A5-80ED37444CCF}
		{C2F52967-AD01-4D43-9648-FAF6807144BC} = {F61DC906-217B-47AB-B1A5-80ED37444CCF}
		{EF6D8EAF-D627-49C7-A641-ADADD21119A0} = {F61DC906-217B-47AB-B1A5-80ED37444CCF}
		{6586B76F-C268-4EAA-A7B0-C72E1CAED6F1} = {F61DC906-217B-47AB-B1A5-80ED37444CCF}
		{9B8B5EC5-E7E6-47B9-A230-E9BDF5A51200} = {F61DC906-217B-47AB-B1A5-80ED37444CCF}
		{DE22C351-9763-4655-ADBA-0D641B8564A3} = {2AA98FF1-89CB-4B0E-9D5C-2B4D744F517E}
		{87042023-316D-44EC-84CD-C473720585A8} = {2AA98FF1-89CB-4B0E-9D5C-2B4D744F517E}
		{0D74201A-343D-4DAF-9E63-6F8DB3730110} = {2AA98FF1-89CB-4B0E-9D5C-2B4D744F517E}
		{D6F639BF-007A-4252-8923-49453E21F5DD} = {2AA98FF1-89CB-4B0E-9D5C-2B4D744F517E}
		{EDA5E50D-703C-4D68-A026-322606D7F666} = {2AA98FF1-89CB-4B0E-9D5C-2B4D744F517E}
		{62C6EF05-E0A4-4B4E-82F9-00A4ADFC9BA3} = {2AA98FF1-89CB-4B0E-9D5C-2B4D744F517E}
		{80EEF570-D7DC-470F-8E76-6484AD59223A} = {2AA98FF1-89CB-4B0E-9D5C-2B4D744F517E}
		{19087226-2519-43D9-9AB9-F28A611F2F44} = {7CF2ED57-B410-4BBE-8D25-FE3E8942D93E}
		{8724B88F-A435-4EEC-9859-5B2EFD5EE276} = {2500E168-7A6A-4B6F-ABBC-EEDC5461522C}
		{A7EF19D6-1662-4FBB-AECF-A7F9DD59E3F0} = {7CF2ED57-B410-4BBE-8D25-FE3E8942D93E}
		{BCD38C99-A3B2-4CF2-BDBE-915AEC37E20A} = {7CF2ED57-B410-4BBE-8D25-FE3E8942D93E}
		{4EEFAF65-69E4-4B8B-9CDC-2AC15539A719} = {7CF2ED57-B410-4BBE-8D25-FE3E8942D93E}
		{6803723B-AE19-4329-A153-85C88540F3A2} = {7CF2ED57-B410-4BBE-8D25-FE3E8942D93E}
		{384561F1-41C0-49B7-BE26-8D76F92008CE} = {7CF2ED57-B410-4BBE-8D25-FE3E8942D93E}
		{DC40069A-690F-4A53-A7BB-6E57A51736AC} = {7CF2ED57-B410-4BBE-8D25-FE3E8942D93E}
		{8B45AD6A-91CB-4B4A-8516-1AEDC8926C1F} = {7CF2ED57-B410-4BBE-8D25-FE3E8942D93E}
		{3325A0BC-266E-45B5-BBC5-7B6CA2B64623} = {7CF2ED57-B410-4BBE-8D25-FE3E8942D93E}
		{07086EC3-193C-4C8C-97BB-5CBFF3E19911} = {7CF2ED57-B410-4BBE-8D25-FE3E8942D93E}
		{85BF18B0-ACAA-4325-B80A-552E784EB461} = {7CF2ED57-B410-4BBE-8D25-FE3E8942D93E}
		{00F9B43C-177E-453E-8EAE-1AB2E81AD27B} = {7CF2ED57-B410-4BBE-8D25-FE3E8942D93E}
		{FD686007-FF4D-4195-90DE-387B28E0B899} = {6CC9999D-C224-4DFE-8FD3-4F139B85C659}
	EndGlobalSection
EndGlobal
